// !$*UTF8*$!
{
	archiveVersion = 1;
	classes = {
	};
	objectVersion = 46;
	objects = {

/* Begin PBXBuildFile section */
		CF4202401C5ED70000F8BB24 /* Homework.h in Headers */ = {isa = PBXBuildFile; fileRef = CF42023F1C5ED70000F8BB24 /* Homework.h */; settings = {ATTRIBUTES = (Public, ); }; };
		CF4202471C5ED70000F8BB24 /* Homework.framework in Frameworks */ = {isa = PBXBuildFile; fileRef = CF42023C1C5ED70000F8BB24 /* Homework.framework */; };
		CF42024C1C5ED70000F8BB24 /* HomeworkTests.swift in Sources */ = {isa = PBXBuildFile; fileRef = CF42024B1C5ED70000F8BB24 /* HomeworkTests.swift */; };
		CF4202681C5ED7A600F8BB24 /* Repository.swift in Sources */ = {isa = PBXBuildFile; fileRef = CF4202561C5ED7A600F8BB24 /* Repository.swift */; };
		CF4202691C5ED7A600F8BB24 /* PersistenceManager.swift in Sources */ = {isa = PBXBuildFile; fileRef = CF4202571C5ED7A600F8BB24 /* PersistenceManager.swift */; };
		CF42026A1C5ED7A600F8BB24 /* HWCourseRepository.swift in Sources */ = {isa = PBXBuildFile; fileRef = CF4202581C5ED7A600F8BB24 /* HWCourseRepository.swift */; };
		CF42026B1C5ED7A600F8BB24 /* HWCourseListRepository.swift in Sources */ = {isa = PBXBuildFile; fileRef = CF4202591C5ED7A600F8BB24 /* HWCourseListRepository.swift */; };
		CF42026C1C5ED7A600F8BB24 /* HWCourseListHandlers.swift in Sources */ = {isa = PBXBuildFile; fileRef = CF42025A1C5ED7A600F8BB24 /* HWCourseListHandlers.swift */; };
		CF42026D1C5ED7A600F8BB24 /* HWCourseList.swift in Sources */ = {isa = PBXBuildFile; fileRef = CF42025B1C5ED7A600F8BB24 /* HWCourseList.swift */; };
		CF42026E1C5ED7A600F8BB24 /* HWCourseHandlers.swift in Sources */ = {isa = PBXBuildFile; fileRef = CF42025C1C5ED7A600F8BB24 /* HWCourseHandlers.swift */; };
		CF42026F1C5ED7A600F8BB24 /* HWCourse.swift in Sources */ = {isa = PBXBuildFile; fileRef = CF42025D1C5ED7A600F8BB24 /* HWCourse.swift */; };
		CF4202701C5ED7A600F8BB24 /* HWAssignmentRepository.swift in Sources */ = {isa = PBXBuildFile; fileRef = CF42025E1C5ED7A600F8BB24 /* HWAssignmentRepository.swift */; };
		CF4202711C5ED7A600F8BB24 /* HWAssignmentHandlers.swift in Sources */ = {isa = PBXBuildFile; fileRef = CF42025F1C5ED7A600F8BB24 /* HWAssignmentHandlers.swift */; };
		CF4202721C5ED7A600F8BB24 /* HWAssignment.swift in Sources */ = {isa = PBXBuildFile; fileRef = CF4202601C5ED7A600F8BB24 /* HWAssignment.swift */; };
		CF4202731C5ED7A600F8BB24 /* HWAssessmentRepository.swift in Sources */ = {isa = PBXBuildFile; fileRef = CF4202611C5ED7A600F8BB24 /* HWAssessmentRepository.swift */; };
		CF4202741C5ED7A600F8BB24 /* HWAssessmentHandlers.swift in Sources */ = {isa = PBXBuildFile; fileRef = CF4202621C5ED7A600F8BB24 /* HWAssessmentHandlers.swift */; };
		CF4202751C5ED7A600F8BB24 /* HWAssessment.swift in Sources */ = {isa = PBXBuildFile; fileRef = CF4202631C5ED7A600F8BB24 /* HWAssessment.swift */; };
		CF4202761C5ED7A600F8BB24 /* HomeworkServer.swift in Sources */ = {isa = PBXBuildFile; fileRef = CF4202641C5ED7A600F8BB24 /* HomeworkServer.swift */; };
		CF4202771C5ED7A600F8BB24 /* Extensions.swift in Sources */ = {isa = PBXBuildFile; fileRef = CF4202651C5ED7A600F8BB24 /* Extensions.swift */; };
		CF4202781C5ED7A600F8BB24 /* Config.swift in Sources */ = {isa = PBXBuildFile; fileRef = CF4202661C5ED7A600F8BB24 /* Config.swift */; };
		CF4202791C5ED7A600F8BB24 /* BaseRequestHandler.swift in Sources */ = {isa = PBXBuildFile; fileRef = CF4202671C5ED7A600F8BB24 /* BaseRequestHandler.swift */; };
		CF42027B1C5ED7BE00F8BB24 /* PerfectLib.framework in Frameworks */ = {isa = PBXBuildFile; fileRef = CF42027A1C5ED7BE00F8BB24 /* PerfectLib.framework */; };
/* End PBXBuildFile section */

/* Begin PBXContainerItemProxy section */
		CF4202481C5ED70000F8BB24 /* PBXContainerItemProxy */ = {
			isa = PBXContainerItemProxy;
			containerPortal = CF4202331C5ED70000F8BB24 /* Project object */;
			proxyType = 1;
			remoteGlobalIDString = CF42023B1C5ED70000F8BB24;
			remoteInfo = Homework;
		};
/* End PBXContainerItemProxy section */

/* Begin PBXFileReference section */
		CF42023C1C5ED70000F8BB24 /* Homework.framework */ = {isa = PBXFileReference; explicitFileType = wrapper.framework; includeInIndex = 0; path = Homework.framework; sourceTree = BUILT_PRODUCTS_DIR; };
		CF42023F1C5ED70000F8BB24 /* Homework.h */ = {isa = PBXFileReference; lastKnownFileType = sourcecode.c.h; path = Homework.h; sourceTree = "<group>"; };
		CF4202411C5ED70000F8BB24 /* Info.plist */ = {isa = PBXFileReference; lastKnownFileType = text.plist.xml; path = Info.plist; sourceTree = "<group>"; };
		CF4202461C5ED70000F8BB24 /* HomeworkTests.xctest */ = {isa = PBXFileReference; explicitFileType = wrapper.cfbundle; includeInIndex = 0; path = HomeworkTests.xctest; sourceTree = BUILT_PRODUCTS_DIR; };
		CF42024B1C5ED70000F8BB24 /* HomeworkTests.swift */ = {isa = PBXFileReference; lastKnownFileType = sourcecode.swift; path = HomeworkTests.swift; sourceTree = "<group>"; };
		CF42024D1C5ED70000F8BB24 /* Info.plist */ = {isa = PBXFileReference; lastKnownFileType = text.plist.xml; path = Info.plist; sourceTree = "<group>"; };
		CF4202561C5ED7A600F8BB24 /* Repository.swift */ = {isa = PBXFileReference; fileEncoding = 4; lastKnownFileType = sourcecode.swift; path = Repository.swift; sourceTree = "<group>"; };
		CF4202571C5ED7A600F8BB24 /* PersistenceManager.swift */ = {isa = PBXFileReference; fileEncoding = 4; lastKnownFileType = sourcecode.swift; path = PersistenceManager.swift; sourceTree = "<group>"; };
		CF4202581C5ED7A600F8BB24 /* HWCourseRepository.swift */ = {isa = PBXFileReference; fileEncoding = 4; lastKnownFileType = sourcecode.swift; path = HWCourseRepository.swift; sourceTree = "<group>"; };
		CF4202591C5ED7A600F8BB24 /* HWCourseListRepository.swift */ = {isa = PBXFileReference; fileEncoding = 4; lastKnownFileType = sourcecode.swift; path = HWCourseListRepository.swift; sourceTree = "<group>"; };
		CF42025A1C5ED7A600F8BB24 /* HWCourseListHandlers.swift */ = {isa = PBXFileReference; fileEncoding = 4; lastKnownFileType = sourcecode.swift; path = HWCourseListHandlers.swift; sourceTree = "<group>"; };
		CF42025B1C5ED7A600F8BB24 /* HWCourseList.swift */ = {isa = PBXFileReference; fileEncoding = 4; lastKnownFileType = sourcecode.swift; path = HWCourseList.swift; sourceTree = "<group>"; };
		CF42025C1C5ED7A600F8BB24 /* HWCourseHandlers.swift */ = {isa = PBXFileReference; fileEncoding = 4; lastKnownFileType = sourcecode.swift; path = HWCourseHandlers.swift; sourceTree = "<group>"; };
		CF42025D1C5ED7A600F8BB24 /* HWCourse.swift */ = {isa = PBXFileReference; fileEncoding = 4; lastKnownFileType = sourcecode.swift; path = HWCourse.swift; sourceTree = "<group>"; };
		CF42025E1C5ED7A600F8BB24 /* HWAssignmentRepository.swift */ = {isa = PBXFileReference; fileEncoding = 4; lastKnownFileType = sourcecode.swift; path = HWAssignmentRepository.swift; sourceTree = "<group>"; };
		CF42025F1C5ED7A600F8BB24 /* HWAssignmentHandlers.swift */ = {isa = PBXFileReference; fileEncoding = 4; lastKnownFileType = sourcecode.swift; path = HWAssignmentHandlers.swift; sourceTree = "<group>"; };
		CF4202601C5ED7A600F8BB24 /* HWAssignment.swift */ = {isa = PBXFileReference; fileEncoding = 4; lastKnownFileType = sourcecode.swift; path = HWAssignment.swift; sourceTree = "<group>"; };
		CF4202611C5ED7A600F8BB24 /* HWAssessmentRepository.swift */ = {isa = PBXFileReference; fileEncoding = 4; lastKnownFileType = sourcecode.swift; path = HWAssessmentRepository.swift; sourceTree = "<group>"; };
		CF4202621C5ED7A600F8BB24 /* HWAssessmentHandlers.swift */ = {isa = PBXFileReference; fileEncoding = 4; lastKnownFileType = sourcecode.swift; path = HWAssessmentHandlers.swift; sourceTree = "<group>"; };
		CF4202631C5ED7A600F8BB24 /* HWAssessment.swift */ = {isa = PBXFileReference; fileEncoding = 4; lastKnownFileType = sourcecode.swift; path = HWAssessment.swift; sourceTree = "<group>"; };
		CF4202641C5ED7A600F8BB24 /* HomeworkServer.swift */ = {isa = PBXFileReference; fileEncoding = 4; lastKnownFileType = sourcecode.swift; path = HomeworkServer.swift; sourceTree = "<group>"; };
		CF4202651C5ED7A600F8BB24 /* Extensions.swift */ = {isa = PBXFileReference; fileEncoding = 4; lastKnownFileType = sourcecode.swift; path = Extensions.swift; sourceTree = "<group>"; };
		CF4202661C5ED7A600F8BB24 /* Config.swift */ = {isa = PBXFileReference; fileEncoding = 4; lastKnownFileType = sourcecode.swift; path = Config.swift; sourceTree = "<group>"; };
		CF4202671C5ED7A600F8BB24 /* BaseRequestHandler.swift */ = {isa = PBXFileReference; fileEncoding = 4; lastKnownFileType = sourcecode.swift; path = BaseRequestHandler.swift; sourceTree = "<group>"; };
		CF42027A1C5ED7BE00F8BB24 /* PerfectLib.framework */ = {isa = PBXFileReference; lastKnownFileType = wrapper.framework; name = PerfectLib.framework; path = ../../../../../../../Library/Frameworks/PerfectLib.framework; sourceTree = "<group>"; };
/* End PBXFileReference section */

/* Begin PBXFrameworksBuildPhase section */
		CF4202381C5ED70000F8BB24 /* Frameworks */ = {
			isa = PBXFrameworksBuildPhase;
			buildActionMask = 2147483647;
			files = (
				CF42027B1C5ED7BE00F8BB24 /* PerfectLib.framework in Frameworks */,
			);
			runOnlyForDeploymentPostprocessing = 0;
		};
		CF4202431C5ED70000F8BB24 /* Frameworks */ = {
			isa = PBXFrameworksBuildPhase;
			buildActionMask = 2147483647;
			files = (
				CF4202471C5ED70000F8BB24 /* Homework.framework in Frameworks */,
			);
			runOnlyForDeploymentPostprocessing = 0;
		};
/* End PBXFrameworksBuildPhase section */

/* Begin PBXGroup section */
		CF4202321C5ED70000F8BB24 = {
			isa = PBXGroup;
			children = (
				CF42027A1C5ED7BE00F8BB24 /* PerfectLib.framework */,
				CF42023E1C5ED70000F8BB24 /* Homework */,
				CF42024A1C5ED70000F8BB24 /* HomeworkTests */,
				CF42023D1C5ED70000F8BB24 /* Products */,
			);
			sourceTree = "<group>";
		};
		CF42023D1C5ED70000F8BB24 /* Products */ = {
			isa = PBXGroup;
			children = (
				CF42023C1C5ED70000F8BB24 /* Homework.framework */,
				CF4202461C5ED70000F8BB24 /* HomeworkTests.xctest */,
			);
			name = Products;
			sourceTree = "<group>";
		};
		CF42023E1C5ED70000F8BB24 /* Homework */ = {
			isa = PBXGroup;
			children = (
				CF4202561C5ED7A600F8BB24 /* Repository.swift */,
				CF4202571C5ED7A600F8BB24 /* PersistenceManager.swift */,
				CF4202581C5ED7A600F8BB24 /* HWCourseRepository.swift */,
				CF4202591C5ED7A600F8BB24 /* HWCourseListRepository.swift */,
				CF42025A1C5ED7A600F8BB24 /* HWCourseListHandlers.swift */,
				CF42025B1C5ED7A600F8BB24 /* HWCourseList.swift */,
				CF42025C1C5ED7A600F8BB24 /* HWCourseHandlers.swift */,
				CF42025D1C5ED7A600F8BB24 /* HWCourse.swift */,
				CF42025E1C5ED7A600F8BB24 /* HWAssignmentRepository.swift */,
				CF42025F1C5ED7A600F8BB24 /* HWAssignmentHandlers.swift */,
				CF4202601C5ED7A600F8BB24 /* HWAssignment.swift */,
				CF4202611C5ED7A600F8BB24 /* HWAssessmentRepository.swift */,
				CF4202621C5ED7A600F8BB24 /* HWAssessmentHandlers.swift */,
				CF4202631C5ED7A600F8BB24 /* HWAssessment.swift */,
				CF4202641C5ED7A600F8BB24 /* HomeworkServer.swift */,
				CF4202651C5ED7A600F8BB24 /* Extensions.swift */,
				CF4202661C5ED7A600F8BB24 /* Config.swift */,
				CF4202671C5ED7A600F8BB24 /* BaseRequestHandler.swift */,
				CF42023F1C5ED70000F8BB24 /* Homework.h */,
				CF4202411C5ED70000F8BB24 /* Info.plist */,
			);
			path = Homework;
			sourceTree = "<group>";
		};
		CF42024A1C5ED70000F8BB24 /* HomeworkTests */ = {
			isa = PBXGroup;
			children = (
				CF42024B1C5ED70000F8BB24 /* HomeworkTests.swift */,
				CF42024D1C5ED70000F8BB24 /* Info.plist */,
			);
			path = HomeworkTests;
			sourceTree = "<group>";
		};
/* End PBXGroup section */

/* Begin PBXHeadersBuildPhase section */
		CF4202391C5ED70000F8BB24 /* Headers */ = {
			isa = PBXHeadersBuildPhase;
			buildActionMask = 2147483647;
			files = (
				CF4202401C5ED70000F8BB24 /* Homework.h in Headers */,
			);
			runOnlyForDeploymentPostprocessing = 0;
		};
/* End PBXHeadersBuildPhase section */

/* Begin PBXNativeTarget section */
		CF42023B1C5ED70000F8BB24 /* Homework */ = {
			isa = PBXNativeTarget;
			buildConfigurationList = CF4202501C5ED70000F8BB24 /* Build configuration list for PBXNativeTarget "Homework" */;
			buildPhases = (
				CF4202371C5ED70000F8BB24 /* Sources */,
				CF4202381C5ED70000F8BB24 /* Frameworks */,
				CF4202391C5ED70000F8BB24 /* Headers */,
				CF42023A1C5ED70000F8BB24 /* Resources */,
			);
			buildRules = (
			);
			dependencies = (
			);
			name = Homework;
			productName = Homework;
			productReference = CF42023C1C5ED70000F8BB24 /* Homework.framework */;
			productType = "com.apple.product-type.framework";
		};
		CF4202451C5ED70000F8BB24 /* HomeworkTests */ = {
			isa = PBXNativeTarget;
			buildConfigurationList = CF4202531C5ED70000F8BB24 /* Build configuration list for PBXNativeTarget "HomeworkTests" */;
			buildPhases = (
				CF4202421C5ED70000F8BB24 /* Sources */,
				CF4202431C5ED70000F8BB24 /* Frameworks */,
				CF4202441C5ED70000F8BB24 /* Resources */,
			);
			buildRules = (
			);
			dependencies = (
				CF4202491C5ED70000F8BB24 /* PBXTargetDependency */,
			);
			name = HomeworkTests;
			productName = HomeworkTests;
			productReference = CF4202461C5ED70000F8BB24 /* HomeworkTests.xctest */;
			productType = "com.apple.product-type.bundle.unit-test";
		};
/* End PBXNativeTarget section */

/* Begin PBXProject section */
		CF4202331C5ED70000F8BB24 /* Project object */ = {
			isa = PBXProject;
			attributes = {
				LastSwiftUpdateCheck = 0720;
				LastUpgradeCheck = 0720;
				ORGANIZATIONNAME = NgeosOne;
				TargetAttributes = {
					CF42023B1C5ED70000F8BB24 = {
						CreatedOnToolsVersion = 7.2;
					};
					CF4202451C5ED70000F8BB24 = {
						CreatedOnToolsVersion = 7.2;
					};
				};
			};
			buildConfigurationList = CF4202361C5ED70000F8BB24 /* Build configuration list for PBXProject "Homework" */;
			compatibilityVersion = "Xcode 3.2";
			developmentRegion = English;
			hasScannedForEncodings = 0;
			knownRegions = (
				en,
			);
			mainGroup = CF4202321C5ED70000F8BB24;
			productRefGroup = CF42023D1C5ED70000F8BB24 /* Products */;
			projectDirPath = "";
			projectRoot = "";
			targets = (
				CF42023B1C5ED70000F8BB24 /* Homework */,
				CF4202451C5ED70000F8BB24 /* HomeworkTests */,
			);
		};
/* End PBXProject section */

/* Begin PBXResourcesBuildPhase section */
		CF42023A1C5ED70000F8BB24 /* Resources */ = {
			isa = PBXResourcesBuildPhase;
			buildActionMask = 2147483647;
			files = (
			);
			runOnlyForDeploymentPostprocessing = 0;
		};
		CF4202441C5ED70000F8BB24 /* Resources */ = {
			isa = PBXResourcesBuildPhase;
			buildActionMask = 2147483647;
			files = (
			);
			runOnlyForDeploymentPostprocessing = 0;
		};
/* End PBXResourcesBuildPhase section */

/* Begin PBXSourcesBuildPhase section */
		CF4202371C5ED70000F8BB24 /* Sources */ = {
			isa = PBXSourcesBuildPhase;
			buildActionMask = 2147483647;
			files = (
				CF4202731C5ED7A600F8BB24 /* HWAssessmentRepository.swift in Sources */,
				CF4202711C5ED7A600F8BB24 /* HWAssignmentHandlers.swift in Sources */,
				CF4202681C5ED7A600F8BB24 /* Repository.swift in Sources */,
				CF42026F1C5ED7A600F8BB24 /* HWCourse.swift in Sources */,
				CF4202781C5ED7A600F8BB24 /* Config.swift in Sources */,
				CF4202751C5ED7A600F8BB24 /* HWAssessment.swift in Sources */,
				CF42026A1C5ED7A600F8BB24 /* HWCourseRepository.swift in Sources */,
				CF42026C1C5ED7A600F8BB24 /* HWCourseListHandlers.swift in Sources */,
				CF42026E1C5ED7A600F8BB24 /* HWCourseHandlers.swift in Sources */,
				CF4202701C5ED7A600F8BB24 /* HWAssignmentRepository.swift in Sources */,
				CF4202721C5ED7A600F8BB24 /* HWAssignment.swift in Sources */,
				CF42026D1C5ED7A600F8BB24 /* HWCourseList.swift in Sources */,
				CF4202771C5ED7A600F8BB24 /* Extensions.swift in Sources */,
				CF4202691C5ED7A600F8BB24 /* PersistenceManager.swift in Sources */,
				CF4202741C5ED7A600F8BB24 /* HWAssessmentHandlers.swift in Sources */,
				CF4202761C5ED7A600F8BB24 /* HomeworkServer.swift in Sources */,
				CF42026B1C5ED7A600F8BB24 /* HWCourseListRepository.swift in Sources */,
				CF4202791C5ED7A600F8BB24 /* BaseRequestHandler.swift in Sources */,
			);
			runOnlyForDeploymentPostprocessing = 0;
		};
		CF4202421C5ED70000F8BB24 /* Sources */ = {
			isa = PBXSourcesBuildPhase;
			buildActionMask = 2147483647;
			files = (
				CF42024C1C5ED70000F8BB24 /* HomeworkTests.swift in Sources */,
			);
			runOnlyForDeploymentPostprocessing = 0;
		};
/* End PBXSourcesBuildPhase section */

/* Begin PBXTargetDependency section */
		CF4202491C5ED70000F8BB24 /* PBXTargetDependency */ = {
			isa = PBXTargetDependency;
			target = CF42023B1C5ED70000F8BB24 /* Homework */;
			targetProxy = CF4202481C5ED70000F8BB24 /* PBXContainerItemProxy */;
		};
/* End PBXTargetDependency section */

/* Begin XCBuildConfiguration section */
		CF42024E1C5ED70000F8BB24 /* Debug */ = {
			isa = XCBuildConfiguration;
			buildSettings = {
				ALWAYS_SEARCH_USER_PATHS = NO;
				CLANG_CXX_LANGUAGE_STANDARD = "gnu++0x";
				CLANG_CXX_LIBRARY = "libc++";
				CLANG_ENABLE_MODULES = YES;
				CLANG_ENABLE_OBJC_ARC = YES;
				CLANG_WARN_BOOL_CONVERSION = YES;
				CLANG_WARN_CONSTANT_CONVERSION = YES;
				CLANG_WARN_DIRECT_OBJC_ISA_USAGE = YES_ERROR;
				CLANG_WARN_EMPTY_BODY = YES;
				CLANG_WARN_ENUM_CONVERSION = YES;
				CLANG_WARN_INT_CONVERSION = YES;
				CLANG_WARN_OBJC_ROOT_CLASS = YES_ERROR;
				CLANG_WARN_UNREACHABLE_CODE = YES;
				CLANG_WARN__DUPLICATE_METHOD_MATCH = YES;
				CODE_SIGN_IDENTITY = "-";
				COPY_PHASE_STRIP = NO;
				CURRENT_PROJECT_VERSION = 1;
				DEBUG_INFORMATION_FORMAT = dwarf;
				ENABLE_STRICT_OBJC_MSGSEND = YES;
				ENABLE_TESTABILITY = YES;
				GCC_C_LANGUAGE_STANDARD = gnu99;
				GCC_DYNAMIC_NO_PIC = NO;
				GCC_NO_COMMON_BLOCKS = YES;
				GCC_OPTIMIZATION_LEVEL = 0;
				GCC_PREPROCESSOR_DEFINITIONS = (
					"DEBUG=1",
					"$(inherited)",
				);
				GCC_WARN_64_TO_32_BIT_CONVERSION = YES;
				GCC_WARN_ABOUT_RETURN_TYPE = YES_ERROR;
				GCC_WARN_UNDECLARED_SELECTOR = YES;
				GCC_WARN_UNINITIALIZED_AUTOS = YES_AGGRESSIVE;
				GCC_WARN_UNUSED_FUNCTION = YES;
				GCC_WARN_UNUSED_VARIABLE = YES;
				MACOSX_DEPLOYMENT_TARGET = 10.11;
				MTL_ENABLE_DEBUG_INFO = YES;
				ONLY_ACTIVE_ARCH = YES;
				SDKROOT = macosx;
				SWIFT_OPTIMIZATION_LEVEL = "-Onone";
				VERSIONING_SYSTEM = "apple-generic";
				VERSION_INFO_PREFIX = "";
			};
			name = Debug;
		};
		CF42024F1C5ED70000F8BB24 /* Release */ = {
			isa = XCBuildConfiguration;
			buildSettings = {
				ALWAYS_SEARCH_USER_PATHS = NO;
				CLANG_CXX_LANGUAGE_STANDARD = "gnu++0x";
				CLANG_CXX_LIBRARY = "libc++";
				CLANG_ENABLE_MODULES = YES;
				CLANG_ENABLE_OBJC_ARC = YES;
				CLANG_WARN_BOOL_CONVERSION = YES;
				CLANG_WARN_CONSTANT_CONVERSION = YES;
				CLANG_WARN_DIRECT_OBJC_ISA_USAGE = YES_ERROR;
				CLANG_WARN_EMPTY_BODY = YES;
				CLANG_WARN_ENUM_CONVERSION = YES;
				CLANG_WARN_INT_CONVERSION = YES;
				CLANG_WARN_OBJC_ROOT_CLASS = YES_ERROR;
				CLANG_WARN_UNREACHABLE_CODE = YES;
				CLANG_WARN__DUPLICATE_METHOD_MATCH = YES;
				CODE_SIGN_IDENTITY = "-";
				COPY_PHASE_STRIP = NO;
				CURRENT_PROJECT_VERSION = 1;
				DEBUG_INFORMATION_FORMAT = "dwarf-with-dsym";
				ENABLE_NS_ASSERTIONS = NO;
				ENABLE_STRICT_OBJC_MSGSEND = YES;
				GCC_C_LANGUAGE_STANDARD = gnu99;
				GCC_NO_COMMON_BLOCKS = YES;
				GCC_WARN_64_TO_32_BIT_CONVERSION = YES;
				GCC_WARN_ABOUT_RETURN_TYPE = YES_ERROR;
				GCC_WARN_UNDECLARED_SELECTOR = YES;
				GCC_WARN_UNINITIALIZED_AUTOS = YES_AGGRESSIVE;
				GCC_WARN_UNUSED_FUNCTION = YES;
				GCC_WARN_UNUSED_VARIABLE = YES;
				MACOSX_DEPLOYMENT_TARGET = 10.11;
				MTL_ENABLE_DEBUG_INFO = NO;
				SDKROOT = macosx;
				VERSIONING_SYSTEM = "apple-generic";
				VERSION_INFO_PREFIX = "";
			};
			name = Release;
		};
		CF4202511C5ED70000F8BB24 /* Debug */ = {
			isa = XCBuildConfiguration;
			buildSettings = {
				CLANG_ENABLE_MODULES = YES;
				COMBINE_HIDPI_IMAGES = YES;
				DEFINES_MODULE = YES;
				DYLIB_COMPATIBILITY_VERSION = 1;
				DYLIB_CURRENT_VERSION = 1;
				DYLIB_INSTALL_NAME_BASE = "@rpath";
				FRAMEWORK_SEARCH_PATHS = (
					"$(inherited)",
					"$(LOCAL_LIBRARY_DIR)/Frameworks",
				);
				FRAMEWORK_VERSION = A;
				INFOPLIST_FILE = Homework/Info.plist;
				INSTALL_PATH = "$(LOCAL_LIBRARY_DIR)/Frameworks";
				LD_RUNPATH_SEARCH_PATHS = "$(inherited) @executable_path/../Frameworks @loader_path/Frameworks";
				PRODUCT_BUNDLE_IDENTIFIER = com.ngeosone.Homework;
				PRODUCT_NAME = "$(TARGET_NAME)";
				SKIP_INSTALL = YES;
				SWIFT_OPTIMIZATION_LEVEL = "-Onone";
			};
			name = Debug;
		};
		CF4202521C5ED70000F8BB24 /* Release */ = {
			isa = XCBuildConfiguration;
			buildSettings = {
				CLANG_ENABLE_MODULES = YES;
				COMBINE_HIDPI_IMAGES = YES;
				DEFINES_MODULE = YES;
				DYLIB_COMPATIBILITY_VERSION = 1;
				DYLIB_CURRENT_VERSION = 1;
				DYLIB_INSTALL_NAME_BASE = "@rpath";
				FRAMEWORK_SEARCH_PATHS = (
					"$(inherited)",
					"$(LOCAL_LIBRARY_DIR)/Frameworks",
				);
				FRAMEWORK_VERSION = A;
				INFOPLIST_FILE = Homework/Info.plist;
				INSTALL_PATH = "$(LOCAL_LIBRARY_DIR)/Frameworks";
				LD_RUNPATH_SEARCH_PATHS = "$(inherited) @executable_path/../Frameworks @loader_path/Frameworks";
				PRODUCT_BUNDLE_IDENTIFIER = com.ngeosone.Homework;
				PRODUCT_NAME = "$(TARGET_NAME)";
				SKIP_INSTALL = YES;
			};
			name = Release;
		};
		CF4202541C5ED70000F8BB24 /* Debug */ = {
			isa = XCBuildConfiguration;
			buildSettings = {
				COMBINE_HIDPI_IMAGES = YES;
				INFOPLIST_FILE = HomeworkTests/Info.plist;
				LD_RUNPATH_SEARCH_PATHS = "$(inherited) @executable_path/../Frameworks @loader_path/../Frameworks";
				PRODUCT_BUNDLE_IDENTIFIER = com.ngeosone.HomeworkTests;
				PRODUCT_NAME = "$(TARGET_NAME)";
			};
			name = Debug;
		};
		CF4202551C5ED70000F8BB24 /* Release */ = {
			isa = XCBuildConfiguration;
			buildSettings = {
				COMBINE_HIDPI_IMAGES = YES;
				INFOPLIST_FILE = HomeworkTests/Info.plist;
				LD_RUNPATH_SEARCH_PATHS = "$(inherited) @executable_path/../Frameworks @loader_path/../Frameworks";
				PRODUCT_BUNDLE_IDENTIFIER = com.ngeosone.HomeworkTests;
				PRODUCT_NAME = "$(TARGET_NAME)";
			};
			name = Release;
		};
/* End XCBuildConfiguration section */

/* Begin XCConfigurationList section */
		CF4202361C5ED70000F8BB24 /* Build configuration list for PBXProject "Homework" */ = {
			isa = XCConfigurationList;
			buildConfigurations = (
				CF42024E1C5ED70000F8BB24 /* Debug */,
				CF42024F1C5ED70000F8BB24 /* Release */,
			);
			defaultConfigurationIsVisible = 0;
			defaultConfigurationName = Release;
		};
		CF4202501C5ED70000F8BB24 /* Build configuration list for PBXNativeTarget "Homework" */ = {
			isa = XCConfigurationList;
			buildConfigurations = (
				CF4202511C5ED70000F8BB24 /* Debug */,
				CF4202521C5ED70000F8BB24 /* Release */,
			);
			defaultConfigurationIsVisible = 0;
		};
		CF4202531C5ED70000F8BB24 /* Build configuration list for PBXNativeTarget "HomeworkTests" */ = {
			isa = XCConfigurationList;
			buildConfigurations = (
				CF4202541C5ED70000F8BB24 /* Debug */,
				CF4202551C5ED70000F8BB24 /* Release */,
			);
			defaultConfigurationIsVisible = 0;
		};
/* End XCConfigurationList section */
	};
	rootObject = CF4202331C5ED70000F8BB24 /* Project object */;
}
