// !$*UTF8*$!
{
	archiveVersion = 1;
	classes = {
	};
	objectVersion = 46;
	objects = {

/* Begin PBXBuildFile section */
		CF4201F61C5ECACC00F8BB24 /* Homework.h in Headers */ = {isa = PBXBuildFile; fileRef = CF4201F51C5ECACC00F8BB24 /* Homework.h */; settings = {ATTRIBUTES = (Public, ); }; };
		CF4201FD1C5ECACC00F8BB24 /* Homework.framework in Frameworks */ = {isa = PBXBuildFile; fileRef = CF4201F21C5ECACC00F8BB24 /* Homework.framework */; };
		CF4202021C5ECACC00F8BB24 /* HomeworkTests.swift in Sources */ = {isa = PBXBuildFile; fileRef = CF4202011C5ECACC00F8BB24 /* HomeworkTests.swift */; };
/* End PBXBuildFile section */

/* Begin PBXContainerItemProxy section */
		CF4201FE1C5ECACC00F8BB24 /* PBXContainerItemProxy */ = {
			isa = PBXContainerItemProxy;
			containerPortal = CF4201E91C5ECACC00F8BB24 /* Project object */;
			proxyType = 1;
			remoteGlobalIDString = CF4201F11C5ECACC00F8BB24;
			remoteInfo = Homework;
		};
/* End PBXContainerItemProxy section */

/* Begin PBXFileReference section */
		CF4201F21C5ECACC00F8BB24 /* Homework.framework */ = {isa = PBXFileReference; explicitFileType = wrapper.framework; includeInIndex = 0; path = Homework.framework; sourceTree = BUILT_PRODUCTS_DIR; };
		CF4201F51C5ECACC00F8BB24 /* Homework.h */ = {isa = PBXFileReference; lastKnownFileType = sourcecode.c.h; path = Homework.h; sourceTree = "<group>"; };
		CF4201F71C5ECACC00F8BB24 /* Info.plist */ = {isa = PBXFileReference; lastKnownFileType = text.plist.xml; path = Info.plist; sourceTree = "<group>"; };
		CF4201FC1C5ECACC00F8BB24 /* HomeworkTests.xctest */ = {isa = PBXFileReference; explicitFileType = wrapper.cfbundle; includeInIndex = 0; path = HomeworkTests.xctest; sourceTree = BUILT_PRODUCTS_DIR; };
		CF4202011C5ECACC00F8BB24 /* HomeworkTests.swift */ = {isa = PBXFileReference; lastKnownFileType = sourcecode.swift; path = HomeworkTests.swift; sourceTree = "<group>"; };
		CF4202031C5ECACC00F8BB24 /* Info.plist */ = {isa = PBXFileReference; lastKnownFileType = text.plist.xml; path = Info.plist; sourceTree = "<group>"; };
/* End PBXFileReference section */

/* Begin PBXFrameworksBuildPhase section */
		CF4201EE1C5ECACC00F8BB24 /* Frameworks */ = {
			isa = PBXFrameworksBuildPhase;
			buildActionMask = 2147483647;
			files = (
			);
			runOnlyForDeploymentPostprocessing = 0;
		};
		CF4201F91C5ECACC00F8BB24 /* Frameworks */ = {
			isa = PBXFrameworksBuildPhase;
			buildActionMask = 2147483647;
			files = (
				CF4201FD1C5ECACC00F8BB24 /* Homework.framework in Frameworks */,
			);
			runOnlyForDeploymentPostprocessing = 0;
		};
/* End PBXFrameworksBuildPhase section */

/* Begin PBXGroup section */
		CF4201E81C5ECACC00F8BB24 = {
			isa = PBXGroup;
			children = (
				CF4201F41C5ECACC00F8BB24 /* Homework */,
				CF4202001C5ECACC00F8BB24 /* HomeworkTests */,
				CF4201F31C5ECACC00F8BB24 /* Products */,
			);
			sourceTree = "<group>";
		};
		CF4201F31C5ECACC00F8BB24 /* Products */ = {
			isa = PBXGroup;
			children = (
				CF4201F21C5ECACC00F8BB24 /* Homework.framework */,
				CF4201FC1C5ECACC00F8BB24 /* HomeworkTests.xctest */,
			);
			name = Products;
			sourceTree = "<group>";
		};
		CF4201F41C5ECACC00F8BB24 /* Homework */ = {
			isa = PBXGroup;
			children = (
				CF4201F51C5ECACC00F8BB24 /* Homework.h */,
				CF4201F71C5ECACC00F8BB24 /* Info.plist */,
			);
			path = Homework;
			sourceTree = "<group>";
		};
		CF4202001C5ECACC00F8BB24 /* HomeworkTests */ = {
			isa = PBXGroup;
			children = (
				CF4202011C5ECACC00F8BB24 /* HomeworkTests.swift */,
				CF4202031C5ECACC00F8BB24 /* Info.plist */,
			);
			path = HomeworkTests;
			sourceTree = "<group>";
		};
/* End PBXGroup section */

/* Begin PBXHeadersBuildPhase section */
		CF4201EF1C5ECACC00F8BB24 /* Headers */ = {
			isa = PBXHeadersBuildPhase;
			buildActionMask = 2147483647;
			files = (
				CF4201F61C5ECACC00F8BB24 /* Homework.h in Headers */,
			);
			runOnlyForDeploymentPostprocessing = 0;
		};
/* End PBXHeadersBuildPhase section */

/* Begin PBXNativeTarget section */
		CF4201F11C5ECACC00F8BB24 /* Homework */ = {
			isa = PBXNativeTarget;
			buildConfigurationList = CF4202061C5ECACC00F8BB24 /* Build configuration list for PBXNativeTarget "Homework" */;
			buildPhases = (
				CF4201ED1C5ECACC00F8BB24 /* Sources */,
				CF4201EE1C5ECACC00F8BB24 /* Frameworks */,
				CF4201EF1C5ECACC00F8BB24 /* Headers */,
				CF4201F01C5ECACC00F8BB24 /* Resources */,
			);
			buildRules = (
			);
			dependencies = (
			);
			name = Homework;
			productName = Homework;
			productReference = CF4201F21C5ECACC00F8BB24 /* Homework.framework */;
			productType = "com.apple.product-type.framework";
		};
		CF4201FB1C5ECACC00F8BB24 /* HomeworkTests */ = {
			isa = PBXNativeTarget;
			buildConfigurationList = CF4202091C5ECACC00F8BB24 /* Build configuration list for PBXNativeTarget "HomeworkTests" */;
			buildPhases = (
				CF4201F81C5ECACC00F8BB24 /* Sources */,
				CF4201F91C5ECACC00F8BB24 /* Frameworks */,
				CF4201FA1C5ECACC00F8BB24 /* Resources */,
			);
			buildRules = (
			);
			dependencies = (
				CF4201FF1C5ECACC00F8BB24 /* PBXTargetDependency */,
			);
			name = HomeworkTests;
			productName = HomeworkTests;
			productReference = CF4201FC1C5ECACC00F8BB24 /* HomeworkTests.xctest */;
			productType = "com.apple.product-type.bundle.unit-test";
		};
/* End PBXNativeTarget section */

/* Begin PBXProject section */
		CF4201E91C5ECACC00F8BB24 /* Project object */ = {
			isa = PBXProject;
			attributes = {
				LastSwiftUpdateCheck = 0720;
				LastUpgradeCheck = 0720;
				ORGANIZATIONNAME = NgeosOne;
				TargetAttributes = {
					CF4201F11C5ECACC00F8BB24 = {
						CreatedOnToolsVersion = 7.2;
					};
					CF4201FB1C5ECACC00F8BB24 = {
						CreatedOnToolsVersion = 7.2;
					};
				};
			};
			buildConfigurationList = CF4201EC1C5ECACC00F8BB24 /* Build configuration list for PBXProject "Homework" */;
			compatibilityVersion = "Xcode 3.2";
			developmentRegion = English;
			hasScannedForEncodings = 0;
			knownRegions = (
				en,
			);
			mainGroup = CF4201E81C5ECACC00F8BB24;
			productRefGroup = CF4201F31C5ECACC00F8BB24 /* Products */;
			projectDirPath = "";
			projectRoot = "";
			targets = (
				CF4201F11C5ECACC00F8BB24 /* Homework */,
				CF4201FB1C5ECACC00F8BB24 /* HomeworkTests */,
			);
		};
/* End PBXProject section */

/* Begin PBXResourcesBuildPhase section */
		CF4201F01C5ECACC00F8BB24 /* Resources */ = {
			isa = PBXResourcesBuildPhase;
			buildActionMask = 2147483647;
			files = (
			);
			runOnlyForDeploymentPostprocessing = 0;
		};
		CF4201FA1C5ECACC00F8BB24 /* Resources */ = {
			isa = PBXResourcesBuildPhase;
			buildActionMask = 2147483647;
			files = (
			);
			runOnlyForDeploymentPostprocessing = 0;
		};
/* End PBXResourcesBuildPhase section */

/* Begin PBXSourcesBuildPhase section */
		CF4201ED1C5ECACC00F8BB24 /* Sources */ = {
			isa = PBXSourcesBuildPhase;
			buildActionMask = 2147483647;
			files = (
			);
			runOnlyForDeploymentPostprocessing = 0;
		};
		CF4201F81C5ECACC00F8BB24 /* Sources */ = {
			isa = PBXSourcesBuildPhase;
			buildActionMask = 2147483647;
			files = (
				CF4202021C5ECACC00F8BB24 /* HomeworkTests.swift in Sources */,
			);
			runOnlyForDeploymentPostprocessing = 0;
		};
/* End PBXSourcesBuildPhase section */

/* Begin PBXTargetDependency section */
		CF4201FF1C5ECACC00F8BB24 /* PBXTargetDependency */ = {
			isa = PBXTargetDependency;
			target = CF4201F11C5ECACC00F8BB24 /* Homework */;
			targetProxy = CF4201FE1C5ECACC00F8BB24 /* PBXContainerItemProxy */;
		};
/* End PBXTargetDependency section */

/* Begin XCBuildConfiguration section */
		CF4202041C5ECACC00F8BB24 /* Debug */ = {
			isa = XCBuildConfiguration;
			buildSettings = {
				ALWAYS_SEARCH_USER_PATHS = NO;
				CLANG_CXX_LANGUAGE_STANDARD = "gnu++0x";
				CLANG_CXX_LIBRARY = "libc++";
				CLANG_ENABLE_MODULES = YES;
				CLANG_ENABLE_OBJC_ARC = YES;
				CLANG_WARN_BOOL_CONVERSION = YES;
				CLANG_WARN_CONSTANT_CONVERSION = YES;
				CLANG_WARN_DIRECT_OBJC_ISA_USAGE = YES_ERROR;
				CLANG_WARN_EMPTY_BODY = YES;
				CLANG_WARN_ENUM_CONVERSION = YES;
				CLANG_WARN_INT_CONVERSION = YES;
				CLANG_WARN_OBJC_ROOT_CLASS = YES_ERROR;
				CLANG_WARN_UNREACHABLE_CODE = YES;
				CLANG_WARN__DUPLICATE_METHOD_MATCH = YES;
				CODE_SIGN_IDENTITY = "-";
				COPY_PHASE_STRIP = NO;
				CURRENT_PROJECT_VERSION = 1;
				DEBUG_INFORMATION_FORMAT = dwarf;
				ENABLE_STRICT_OBJC_MSGSEND = YES;
				ENABLE_TESTABILITY = YES;
				GCC_C_LANGUAGE_STANDARD = gnu99;
				GCC_DYNAMIC_NO_PIC = NO;
				GCC_NO_COMMON_BLOCKS = YES;
				GCC_OPTIMIZATION_LEVEL = 0;
				GCC_PREPROCESSOR_DEFINITIONS = (
					"DEBUG=1",
					"$(inherited)",
				);
				GCC_WARN_64_TO_32_BIT_CONVERSION = YES;
				GCC_WARN_ABOUT_RETURN_TYPE = YES_ERROR;
				GCC_WARN_UNDECLARED_SELECTOR = YES;
				GCC_WARN_UNINITIALIZED_AUTOS = YES_AGGRESSIVE;
				GCC_WARN_UNUSED_FUNCTION = YES;
				GCC_WARN_UNUSED_VARIABLE = YES;
				MACOSX_DEPLOYMENT_TARGET = 10.11;
				MTL_ENABLE_DEBUG_INFO = YES;
				ONLY_ACTIVE_ARCH = YES;
				SDKROOT = macosx;
				SWIFT_OPTIMIZATION_LEVEL = "-Onone";
				VERSIONING_SYSTEM = "apple-generic";
				VERSION_INFO_PREFIX = "";
			};
			name = Debug;
		};
		CF4202051C5ECACC00F8BB24 /* Release */ = {
			isa = XCBuildConfiguration;
			buildSettings = {
				ALWAYS_SEARCH_USER_PATHS = NO;
				CLANG_CXX_LANGUAGE_STANDARD = "gnu++0x";
				CLANG_CXX_LIBRARY = "libc++";
				CLANG_ENABLE_MODULES = YES;
				CLANG_ENABLE_OBJC_ARC = YES;
				CLANG_WARN_BOOL_CONVERSION = YES;
				CLANG_WARN_CONSTANT_CONVERSION = YES;
				CLANG_WARN_DIRECT_OBJC_ISA_USAGE = YES_ERROR;
				CLANG_WARN_EMPTY_BODY = YES;
				CLANG_WARN_ENUM_CONVERSION = YES;
				CLANG_WARN_INT_CONVERSION = YES;
				CLANG_WARN_OBJC_ROOT_CLASS = YES_ERROR;
				CLANG_WARN_UNREACHABLE_CODE = YES;
				CLANG_WARN__DUPLICATE_METHOD_MATCH = YES;
				CODE_SIGN_IDENTITY = "-";
				COPY_PHASE_STRIP = NO;
				CURRENT_PROJECT_VERSION = 1;
				DEBUG_INFORMATION_FORMAT = "dwarf-with-dsym";
				ENABLE_NS_ASSERTIONS = NO;
				ENABLE_STRICT_OBJC_MSGSEND = YES;
				GCC_C_LANGUAGE_STANDARD = gnu99;
				GCC_NO_COMMON_BLOCKS = YES;
				GCC_WARN_64_TO_32_BIT_CONVERSION = YES;
				GCC_WARN_ABOUT_RETURN_TYPE = YES_ERROR;
				GCC_WARN_UNDECLARED_SELECTOR = YES;
				GCC_WARN_UNINITIALIZED_AUTOS = YES_AGGRESSIVE;
				GCC_WARN_UNUSED_FUNCTION = YES;
				GCC_WARN_UNUSED_VARIABLE = YES;
				MACOSX_DEPLOYMENT_TARGET = 10.11;
				MTL_ENABLE_DEBUG_INFO = NO;
				SDKROOT = macosx;
				VERSIONING_SYSTEM = "apple-generic";
				VERSION_INFO_PREFIX = "";
			};
			name = Release;
		};
		CF4202071C5ECACC00F8BB24 /* Debug */ = {
			isa = XCBuildConfiguration;
			buildSettings = {
				COMBINE_HIDPI_IMAGES = YES;
				DEFINES_MODULE = YES;
				DYLIB_COMPATIBILITY_VERSION = 1;
				DYLIB_CURRENT_VERSION = 1;
				DYLIB_INSTALL_NAME_BASE = "@rpath";
				FRAMEWORK_VERSION = A;
				INFOPLIST_FILE = Homework/Info.plist;
				INSTALL_PATH = "$(LOCAL_LIBRARY_DIR)/Frameworks";
				LD_RUNPATH_SEARCH_PATHS = "$(inherited) @executable_path/../Frameworks @loader_path/Frameworks";
				PRODUCT_BUNDLE_IDENTIFIER = com.ngeosone.Homework;
				PRODUCT_NAME = "$(TARGET_NAME)";
				SKIP_INSTALL = YES;
			};
			name = Debug;
		};
		CF4202081C5ECACC00F8BB24 /* Release */ = {
			isa = XCBuildConfiguration;
			buildSettings = {
				COMBINE_HIDPI_IMAGES = YES;
				DEFINES_MODULE = YES;
				DYLIB_COMPATIBILITY_VERSION = 1;
				DYLIB_CURRENT_VERSION = 1;
				DYLIB_INSTALL_NAME_BASE = "@rpath";
				FRAMEWORK_VERSION = A;
				INFOPLIST_FILE = Homework/Info.plist;
				INSTALL_PATH = "$(LOCAL_LIBRARY_DIR)/Frameworks";
				LD_RUNPATH_SEARCH_PATHS = "$(inherited) @executable_path/../Frameworks @loader_path/Frameworks";
				PRODUCT_BUNDLE_IDENTIFIER = com.ngeosone.Homework;
				PRODUCT_NAME = "$(TARGET_NAME)";
				SKIP_INSTALL = YES;
			};
			name = Release;
		};
		CF42020A1C5ECACC00F8BB24 /* Debug */ = {
			isa = XCBuildConfiguration;
			buildSettings = {
				COMBINE_HIDPI_IMAGES = YES;
				INFOPLIST_FILE = HomeworkTests/Info.plist;
				LD_RUNPATH_SEARCH_PATHS = "$(inherited) @executable_path/../Frameworks @loader_path/../Frameworks";
				PRODUCT_BUNDLE_IDENTIFIER = com.ngeosone.HomeworkTests;
				PRODUCT_NAME = "$(TARGET_NAME)";
			};
			name = Debug;
		};
		CF42020B1C5ECACC00F8BB24 /* Release */ = {
			isa = XCBuildConfiguration;
			buildSettings = {
				COMBINE_HIDPI_IMAGES = YES;
				INFOPLIST_FILE = HomeworkTests/Info.plist;
				LD_RUNPATH_SEARCH_PATHS = "$(inherited) @executable_path/../Frameworks @loader_path/../Frameworks";
				PRODUCT_BUNDLE_IDENTIFIER = com.ngeosone.HomeworkTests;
				PRODUCT_NAME = "$(TARGET_NAME)";
			};
			name = Release;
		};
/* End XCBuildConfiguration section */

/* Begin XCConfigurationList section */
		CF4201EC1C5ECACC00F8BB24 /* Build configuration list for PBXProject "Homework" */ = {
			isa = XCConfigurationList;
			buildConfigurations = (
				CF4202041C5ECACC00F8BB24 /* Debug */,
				CF4202051C5ECACC00F8BB24 /* Release */,
			);
			defaultConfigurationIsVisible = 0;
			defaultConfigurationName = Release;
		};
		CF4202061C5ECACC00F8BB24 /* Build configuration list for PBXNativeTarget "Homework" */ = {
			isa = XCConfigurationList;
			buildConfigurations = (
				CF4202071C5ECACC00F8BB24 /* Debug */,
				CF4202081C5ECACC00F8BB24 /* Release */,
			);
			defaultConfigurationIsVisible = 0;
		};
		CF4202091C5ECACC00F8BB24 /* Build configuration list for PBXNativeTarget "HomeworkTests" */ = {
			isa = XCConfigurationList;
			buildConfigurations = (
				CF42020A1C5ECACC00F8BB24 /* Debug */,
				CF42020B1C5ECACC00F8BB24 /* Release */,
			);
			defaultConfigurationIsVisible = 0;
		};
/* End XCConfigurationList section */
	};
	rootObject = CF4201E91C5ECACC00F8BB24 /* Project object */;
}
