// !$*UTF8*$!
{
	archiveVersion = 1;
	classes = {
	};
	objectVersion = 46;
	objects = {

/* Begin PBXBuildFile section */
		DBF39B26A56C3434D4FB9E00 /* libPods-Homework.a in Frameworks */ = {isa = PBXBuildFile; fileRef = 7E6047CD8D245421055E6DC6 /* libPods-Homework.a */; };
		F9163A441C2F22490071EFF6 /* AddCourseViewController.m in Sources */ = {isa = PBXBuildFile; fileRef = F9163A431C2F22490071EFF6 /* AddCourseViewController.m */; };
		F9163A531C2FA7890071EFF6 /* UIColor+HWColors.m in Sources */ = {isa = PBXBuildFile; fileRef = F9163A521C2FA7890071EFF6 /* UIColor+HWColors.m */; };
		F97D82781C2C909D004C6212 /* DayViewController.m in Sources */ = {isa = PBXBuildFile; fileRef = F97D82771C2C909D004C6212 /* DayViewController.m */; };
		F98573531C3098CA00E8FE87 /* KxMenu.m in Sources */ = {isa = PBXBuildFile; fileRef = F98573521C3098CA00E8FE87 /* KxMenu.m */; };
		F98573571C30B2A900E8FE87 /* AddDateViewController.m in Sources */ = {isa = PBXBuildFile; fileRef = F98573561C30B2A900E8FE87 /* AddDateViewController.m */; };
		F985735A1C30B4A900E8FE87 /* ViewPagerController.m in Sources */ = {isa = PBXBuildFile; fileRef = F98573591C30B4A900E8FE87 /* ViewPagerController.m */; };
		F9FFE9D51C276C0A004A5CE3 /* main.m in Sources */ = {isa = PBXBuildFile; fileRef = F9FFE9D41C276C0A004A5CE3 /* main.m */; };
		F9FFE9D81C276C0A004A5CE3 /* AppDelegate.m in Sources */ = {isa = PBXBuildFile; fileRef = F9FFE9D71C276C0A004A5CE3 /* AppDelegate.m */; };
		F9FFE9DB1C276C0A004A5CE3 /* MainViewController.m in Sources */ = {isa = PBXBuildFile; fileRef = F9FFE9DA1C276C0A004A5CE3 /* MainViewController.m */; };
		F9FFE9DE1C276C0A004A5CE3 /* Main.storyboard in Resources */ = {isa = PBXBuildFile; fileRef = F9FFE9DC1C276C0A004A5CE3 /* Main.storyboard */; };
		F9FFE9E11C276C0A004A5CE3 /* Homework.xcdatamodeld in Sources */ = {isa = PBXBuildFile; fileRef = F9FFE9DF1C276C0A004A5CE3 /* Homework.xcdatamodeld */; };
		F9FFE9E31C276C0A004A5CE3 /* Assets.xcassets in Resources */ = {isa = PBXBuildFile; fileRef = F9FFE9E21C276C0A004A5CE3 /* Assets.xcassets */; };
		F9FFE9E61C276C0A004A5CE3 /* LaunchScreen.storyboard in Resources */ = {isa = PBXBuildFile; fileRef = F9FFE9E41C276C0A004A5CE3 /* LaunchScreen.storyboard */; };
		F9FFE9F11C276C0A004A5CE3 /* HomeworkTests.m in Sources */ = {isa = PBXBuildFile; fileRef = F9FFE9F01C276C0A004A5CE3 /* HomeworkTests.m */; };
		F9FFE9FC1C276C0A004A5CE3 /* HomeworkUITests.m in Sources */ = {isa = PBXBuildFile; fileRef = F9FFE9FB1C276C0A004A5CE3 /* HomeworkUITests.m */; };
		F9FFEA191C27718D004A5CE3 /* HWAssignment+CoreDataProperties.m in Sources */ = {isa = PBXBuildFile; fileRef = F9FFEA0A1C27718D004A5CE3 /* HWAssignment+CoreDataProperties.m */; };
		F9FFEA1A1C27718D004A5CE3 /* HWAssignment.m in Sources */ = {isa = PBXBuildFile; fileRef = F9FFEA0C1C27718D004A5CE3 /* HWAssignment.m */; };
		F9FFEA1B1C27718D004A5CE3 /* HWAssessment+CoreDataProperties.m in Sources */ = {isa = PBXBuildFile; fileRef = F9FFEA0E1C27718D004A5CE3 /* HWAssessment+CoreDataProperties.m */; };
		F9FFEA1C1C27718D004A5CE3 /* HWAssessment.m in Sources */ = {isa = PBXBuildFile; fileRef = F9FFEA101C27718D004A5CE3 /* HWAssessment.m */; };
		F9FFEA1D1C27718D004A5CE3 /* HWCourse+CoreDataProperties.m in Sources */ = {isa = PBXBuildFile; fileRef = F9FFEA121C27718D004A5CE3 /* HWCourse+CoreDataProperties.m */; };
		F9FFEA1E1C27718D004A5CE3 /* HWCourse.m in Sources */ = {isa = PBXBuildFile; fileRef = F9FFEA141C27718D004A5CE3 /* HWCourse.m */; };
		F9FFEA1F1C27718D004A5CE3 /* HWCourseList+CoreDataProperties.m in Sources */ = {isa = PBXBuildFile; fileRef = F9FFEA161C27718D004A5CE3 /* HWCourseList+CoreDataProperties.m */; };
		F9FFEA201C27718D004A5CE3 /* HWCourseList.m in Sources */ = {isa = PBXBuildFile; fileRef = F9FFEA181C27718D004A5CE3 /* HWCourseList.m */; };
		F9FFEA281C278903004A5CE3 /* CourseListViewController.m in Sources */ = {isa = PBXBuildFile; fileRef = F9FFEA271C278903004A5CE3 /* CourseListViewController.m */; };
/* End PBXBuildFile section */

/* Begin PBXContainerItemProxy section */
		F9FFE9ED1C276C0A004A5CE3 /* PBXContainerItemProxy */ = {
			isa = PBXContainerItemProxy;
			containerPortal = F9FFE9C81C276C0A004A5CE3 /* Project object */;
			proxyType = 1;
			remoteGlobalIDString = F9FFE9CF1C276C0A004A5CE3;
			remoteInfo = Homework;
		};
		F9FFE9F81C276C0A004A5CE3 /* PBXContainerItemProxy */ = {
			isa = PBXContainerItemProxy;
			containerPortal = F9FFE9C81C276C0A004A5CE3 /* Project object */;
			proxyType = 1;
			remoteGlobalIDString = F9FFE9CF1C276C0A004A5CE3;
			remoteInfo = Homework;
		};
/* End PBXContainerItemProxy section */

/* Begin PBXFileReference section */
		7E6047CD8D245421055E6DC6 /* libPods-Homework.a */ = {isa = PBXFileReference; explicitFileType = archive.ar; includeInIndex = 0; path = "libPods-Homework.a"; sourceTree = BUILT_PRODUCTS_DIR; };
		8F09A2FD11D7557F4909623B /* Pods-Homework.release.xcconfig */ = {isa = PBXFileReference; includeInIndex = 1; lastKnownFileType = text.xcconfig; name = "Pods-Homework.release.xcconfig"; path = "Pods/Target Support Files/Pods-Homework/Pods-Homework.release.xcconfig"; sourceTree = "<group>"; };
		D87B1063DBDC9509B6E67ACA /* Pods-Homework.debug.xcconfig */ = {isa = PBXFileReference; includeInIndex = 1; lastKnownFileType = text.xcconfig; name = "Pods-Homework.debug.xcconfig"; path = "Pods/Target Support Files/Pods-Homework/Pods-Homework.debug.xcconfig"; sourceTree = "<group>"; };
		F9163A421C2F22490071EFF6 /* AddCourseViewController.h */ = {isa = PBXFileReference; fileEncoding = 4; lastKnownFileType = sourcecode.c.h; path = AddCourseViewController.h; sourceTree = "<group>"; };
		F9163A431C2F22490071EFF6 /* AddCourseViewController.m */ = {isa = PBXFileReference; fileEncoding = 4; lastKnownFileType = sourcecode.c.objc; path = AddCourseViewController.m; sourceTree = "<group>"; };
		F9163A511C2FA7890071EFF6 /* UIColor+HWColors.h */ = {isa = PBXFileReference; fileEncoding = 4; lastKnownFileType = sourcecode.c.h; name = "UIColor+HWColors.h"; path = "Classes/User Interface/UIColor+HWColors.h"; sourceTree = "<group>"; };
		F9163A521C2FA7890071EFF6 /* UIColor+HWColors.m */ = {isa = PBXFileReference; fileEncoding = 4; lastKnownFileType = sourcecode.c.objc; name = "UIColor+HWColors.m"; path = "Classes/User Interface/UIColor+HWColors.m"; sourceTree = "<group>"; };
		F9163A551C2FA8330071EFF6 /* HomeworkPrefixHeader.pch */ = {isa = PBXFileReference; lastKnownFileType = sourcecode.c.h; path = HomeworkPrefixHeader.pch; sourceTree = "<group>"; };
		F97D82761C2C909D004C6212 /* DayViewController.h */ = {isa = PBXFileReference; fileEncoding = 4; lastKnownFileType = sourcecode.c.h; path = DayViewController.h; sourceTree = "<group>"; };
		F97D82771C2C909D004C6212 /* DayViewController.m */ = {isa = PBXFileReference; fileEncoding = 4; lastKnownFileType = sourcecode.c.objc; path = DayViewController.m; sourceTree = "<group>"; };
		F98573511C3098CA00E8FE87 /* KxMenu.h */ = {isa = PBXFileReference; fileEncoding = 4; lastKnownFileType = sourcecode.c.h; name = KxMenu.h; path = "Third Party/KxMenu/KxMenu.h"; sourceTree = "<group>"; };
		F98573521C3098CA00E8FE87 /* KxMenu.m */ = {isa = PBXFileReference; fileEncoding = 4; lastKnownFileType = sourcecode.c.objc; name = KxMenu.m; path = "Third Party/KxMenu/KxMenu.m"; sourceTree = "<group>"; };
		F98573551C30B2A900E8FE87 /* AddDateViewController.h */ = {isa = PBXFileReference; fileEncoding = 4; lastKnownFileType = sourcecode.c.h; path = AddDateViewController.h; sourceTree = "<group>"; };
		F98573561C30B2A900E8FE87 /* AddDateViewController.m */ = {isa = PBXFileReference; fileEncoding = 4; lastKnownFileType = sourcecode.c.objc; path = AddDateViewController.m; sourceTree = "<group>"; };
		F98573581C30B4A900E8FE87 /* ViewPagerController.h */ = {isa = PBXFileReference; fileEncoding = 4; lastKnownFileType = sourcecode.c.h; name = ViewPagerController.h; path = "Third Party/ICViewPager/ICViewPager/ICViewPager/ViewPagerController.h"; sourceTree = "<group>"; };
		F98573591C30B4A900E8FE87 /* ViewPagerController.m */ = {isa = PBXFileReference; fileEncoding = 4; lastKnownFileType = sourcecode.c.objc; name = ViewPagerController.m; path = "Third Party/ICViewPager/ICViewPager/ICViewPager/ViewPagerController.m"; sourceTree = "<group>"; };
		F9FFE9D01C276C0A004A5CE3 /* Homework.app */ = {isa = PBXFileReference; explicitFileType = wrapper.application; includeInIndex = 0; path = Homework.app; sourceTree = BUILT_PRODUCTS_DIR; };
		F9FFE9D41C276C0A004A5CE3 /* main.m */ = {isa = PBXFileReference; lastKnownFileType = sourcecode.c.objc; path = main.m; sourceTree = "<group>"; };
		F9FFE9D61C276C0A004A5CE3 /* AppDelegate.h */ = {isa = PBXFileReference; lastKnownFileType = sourcecode.c.h; path = AppDelegate.h; sourceTree = "<group>"; };
		F9FFE9D71C276C0A004A5CE3 /* AppDelegate.m */ = {isa = PBXFileReference; lastKnownFileType = sourcecode.c.objc; path = AppDelegate.m; sourceTree = "<group>"; };
		F9FFE9D91C276C0A004A5CE3 /* MainViewController.h */ = {isa = PBXFileReference; lastKnownFileType = sourcecode.c.h; path = MainViewController.h; sourceTree = "<group>"; };
		F9FFE9DA1C276C0A004A5CE3 /* MainViewController.m */ = {isa = PBXFileReference; lastKnownFileType = sourcecode.c.objc; path = MainViewController.m; sourceTree = "<group>"; };
		F9FFE9DD1C276C0A004A5CE3 /* Base */ = {isa = PBXFileReference; lastKnownFileType = file.storyboard; name = Base; path = Base.lproj/Main.storyboard; sourceTree = "<group>"; };
		F9FFE9E01C276C0A004A5CE3 /* Homework.xcdatamodel */ = {isa = PBXFileReference; lastKnownFileType = wrapper.xcdatamodel; path = Homework.xcdatamodel; sourceTree = "<group>"; };
		F9FFE9E21C276C0A004A5CE3 /* Assets.xcassets */ = {isa = PBXFileReference; lastKnownFileType = folder.assetcatalog; path = Assets.xcassets; sourceTree = "<group>"; };
		F9FFE9E51C276C0A004A5CE3 /* Base */ = {isa = PBXFileReference; lastKnownFileType = file.storyboard; name = Base; path = Base.lproj/LaunchScreen.storyboard; sourceTree = "<group>"; };
		F9FFE9E71C276C0A004A5CE3 /* Info.plist */ = {isa = PBXFileReference; lastKnownFileType = text.plist.xml; path = Info.plist; sourceTree = "<group>"; };
		F9FFE9EC1C276C0A004A5CE3 /* HomeworkTests.xctest */ = {isa = PBXFileReference; explicitFileType = wrapper.cfbundle; includeInIndex = 0; path = HomeworkTests.xctest; sourceTree = BUILT_PRODUCTS_DIR; };
		F9FFE9F01C276C0A004A5CE3 /* HomeworkTests.m */ = {isa = PBXFileReference; lastKnownFileType = sourcecode.c.objc; path = HomeworkTests.m; sourceTree = "<group>"; };
		F9FFE9F21C276C0A004A5CE3 /* Info.plist */ = {isa = PBXFileReference; lastKnownFileType = text.plist.xml; path = Info.plist; sourceTree = "<group>"; };
		F9FFE9F71C276C0A004A5CE3 /* HomeworkUITests.xctest */ = {isa = PBXFileReference; explicitFileType = wrapper.cfbundle; includeInIndex = 0; path = HomeworkUITests.xctest; sourceTree = BUILT_PRODUCTS_DIR; };
		F9FFE9FB1C276C0A004A5CE3 /* HomeworkUITests.m */ = {isa = PBXFileReference; lastKnownFileType = sourcecode.c.objc; path = HomeworkUITests.m; sourceTree = "<group>"; };
		F9FFE9FD1C276C0A004A5CE3 /* Info.plist */ = {isa = PBXFileReference; lastKnownFileType = text.plist.xml; path = Info.plist; sourceTree = "<group>"; };
		F9FFEA091C27718D004A5CE3 /* HWAssignment+CoreDataProperties.h */ = {isa = PBXFileReference; fileEncoding = 4; lastKnownFileType = sourcecode.c.h; name = "HWAssignment+CoreDataProperties.h"; path = "Classes/HWAssignment+CoreDataProperties.h"; sourceTree = "<group>"; };
		F9FFEA0A1C27718D004A5CE3 /* HWAssignment+CoreDataProperties.m */ = {isa = PBXFileReference; fileEncoding = 4; lastKnownFileType = sourcecode.c.objc; name = "HWAssignment+CoreDataProperties.m"; path = "Classes/HWAssignment+CoreDataProperties.m"; sourceTree = "<group>"; };
		F9FFEA0B1C27718D004A5CE3 /* HWAssignment.h */ = {isa = PBXFileReference; fileEncoding = 4; lastKnownFileType = sourcecode.c.h; name = HWAssignment.h; path = Classes/HWAssignment.h; sourceTree = "<group>"; };
		F9FFEA0C1C27718D004A5CE3 /* HWAssignment.m */ = {isa = PBXFileReference; fileEncoding = 4; lastKnownFileType = sourcecode.c.objc; name = HWAssignment.m; path = Classes/HWAssignment.m; sourceTree = "<group>"; };
		F9FFEA0D1C27718D004A5CE3 /* HWAssessment+CoreDataProperties.h */ = {isa = PBXFileReference; fileEncoding = 4; lastKnownFileType = sourcecode.c.h; name = "HWAssessment+CoreDataProperties.h"; path = "Classes/HWAssessment+CoreDataProperties.h"; sourceTree = "<group>"; };
		F9FFEA0E1C27718D004A5CE3 /* HWAssessment+CoreDataProperties.m */ = {isa = PBXFileReference; fileEncoding = 4; lastKnownFileType = sourcecode.c.objc; name = "HWAssessment+CoreDataProperties.m"; path = "Classes/HWAssessment+CoreDataProperties.m"; sourceTree = "<group>"; };
		F9FFEA0F1C27718D004A5CE3 /* HWAssessment.h */ = {isa = PBXFileReference; fileEncoding = 4; lastKnownFileType = sourcecode.c.h; name = HWAssessment.h; path = Classes/HWAssessment.h; sourceTree = "<group>"; };
		F9FFEA101C27718D004A5CE3 /* HWAssessment.m */ = {isa = PBXFileReference; fileEncoding = 4; lastKnownFileType = sourcecode.c.objc; name = HWAssessment.m; path = Classes/HWAssessment.m; sourceTree = "<group>"; };
		F9FFEA111C27718D004A5CE3 /* HWCourse+CoreDataProperties.h */ = {isa = PBXFileReference; fileEncoding = 4; lastKnownFileType = sourcecode.c.h; name = "HWCourse+CoreDataProperties.h"; path = "Classes/HWCourse+CoreDataProperties.h"; sourceTree = "<group>"; };
		F9FFEA121C27718D004A5CE3 /* HWCourse+CoreDataProperties.m */ = {isa = PBXFileReference; fileEncoding = 4; lastKnownFileType = sourcecode.c.objc; name = "HWCourse+CoreDataProperties.m"; path = "Classes/HWCourse+CoreDataProperties.m"; sourceTree = "<group>"; };
		F9FFEA131C27718D004A5CE3 /* HWCourse.h */ = {isa = PBXFileReference; fileEncoding = 4; lastKnownFileType = sourcecode.c.h; name = HWCourse.h; path = Classes/HWCourse.h; sourceTree = "<group>"; };
		F9FFEA141C27718D004A5CE3 /* HWCourse.m */ = {isa = PBXFileReference; fileEncoding = 4; lastKnownFileType = sourcecode.c.objc; name = HWCourse.m; path = Classes/HWCourse.m; sourceTree = "<group>"; };
		F9FFEA151C27718D004A5CE3 /* HWCourseList+CoreDataProperties.h */ = {isa = PBXFileReference; fileEncoding = 4; lastKnownFileType = sourcecode.c.h; name = "HWCourseList+CoreDataProperties.h"; path = "Classes/HWCourseList+CoreDataProperties.h"; sourceTree = "<group>"; };
		F9FFEA161C27718D004A5CE3 /* HWCourseList+CoreDataProperties.m */ = {isa = PBXFileReference; fileEncoding = 4; lastKnownFileType = sourcecode.c.objc; name = "HWCourseList+CoreDataProperties.m"; path = "Classes/HWCourseList+CoreDataProperties.m"; sourceTree = "<group>"; };
		F9FFEA171C27718D004A5CE3 /* HWCourseList.h */ = {isa = PBXFileReference; fileEncoding = 4; lastKnownFileType = sourcecode.c.h; name = HWCourseList.h; path = Classes/HWCourseList.h; sourceTree = "<group>"; };
		F9FFEA181C27718D004A5CE3 /* HWCourseList.m */ = {isa = PBXFileReference; fileEncoding = 4; lastKnownFileType = sourcecode.c.objc; name = HWCourseList.m; path = Classes/HWCourseList.m; sourceTree = "<group>"; };
		F9FFEA261C278903004A5CE3 /* CourseListViewController.h */ = {isa = PBXFileReference; fileEncoding = 4; lastKnownFileType = sourcecode.c.h; path = CourseListViewController.h; sourceTree = "<group>"; };
		F9FFEA271C278903004A5CE3 /* CourseListViewController.m */ = {isa = PBXFileReference; fileEncoding = 4; lastKnownFileType = sourcecode.c.objc; path = CourseListViewController.m; sourceTree = "<group>"; };
/* End PBXFileReference section */

/* Begin PBXFrameworksBuildPhase section */
		F9FFE9CD1C276C0A004A5CE3 /* Frameworks */ = {
			isa = PBXFrameworksBuildPhase;
			buildActionMask = 2147483647;
			files = (
				DBF39B26A56C3434D4FB9E00 /* libPods-Homework.a in Frameworks */,
			);
			runOnlyForDeploymentPostprocessing = 0;
		};
		F9FFE9E91C276C0A004A5CE3 /* Frameworks */ = {
			isa = PBXFrameworksBuildPhase;
			buildActionMask = 2147483647;
			files = (
			);
			runOnlyForDeploymentPostprocessing = 0;
		};
		F9FFE9F41C276C0A004A5CE3 /* Frameworks */ = {
			isa = PBXFrameworksBuildPhase;
			buildActionMask = 2147483647;
			files = (
			);
			runOnlyForDeploymentPostprocessing = 0;
		};
/* End PBXFrameworksBuildPhase section */

/* Begin PBXGroup section */
		AA5892D32A875F3D75BC0A3B /* Frameworks */ = {
			isa = PBXGroup;
			children = (
				7E6047CD8D245421055E6DC6 /* libPods-Homework.a */,
			);
			name = Frameworks;
			sourceTree = "<group>";
		};
		F9163A541C2FA7940071EFF6 /* User Interface */ = {
			isa = PBXGroup;
			children = (
				F9163A511C2FA7890071EFF6 /* UIColor+HWColors.h */,
				F9163A521C2FA7890071EFF6 /* UIColor+HWColors.m */,
			);
			name = "User Interface";
			sourceTree = "<group>";
		};
		F9163A561C2FB08C0071EFF6 /* View Controllers */ = {
			isa = PBXGroup;
			children = (
				F9FFE9D91C276C0A004A5CE3 /* MainViewController.h */,
				F9FFE9DA1C276C0A004A5CE3 /* MainViewController.m */,
				F97D82761C2C909D004C6212 /* DayViewController.h */,
				F97D82771C2C909D004C6212 /* DayViewController.m */,
				F9FFEA261C278903004A5CE3 /* CourseListViewController.h */,
				F9FFEA271C278903004A5CE3 /* CourseListViewController.m */,
				F9163A421C2F22490071EFF6 /* AddCourseViewController.h */,
				F9163A431C2F22490071EFF6 /* AddCourseViewController.m */,
				F98573551C30B2A900E8FE87 /* AddDateViewController.h */,
				F98573561C30B2A900E8FE87 /* AddDateViewController.m */,
				F9FFE9DC1C276C0A004A5CE3 /* Main.storyboard */,
				F9FFE9D61C276C0A004A5CE3 /* AppDelegate.h */,
				F9FFE9D71C276C0A004A5CE3 /* AppDelegate.m */,
			);
			name = "View Controllers";
			sourceTree = "<group>";
		};
		F984CAFE9C1F6FEED3E373D7 /* Pods */ = {
			isa = PBXGroup;
			children = (
				D87B1063DBDC9509B6E67ACA /* Pods-Homework.debug.xcconfig */,
				8F09A2FD11D7557F4909623B /* Pods-Homework.release.xcconfig */,
			);
			name = Pods;
			sourceTree = "<group>";
		};
		F98573541C3098D000E8FE87 /* Third Party */ = {
			isa = PBXGroup;
			children = (
				F985735C1C30B4BC00E8FE87 /* KxMenu */,
				F985735B1C30B4B100E8FE87 /* ICViewPager */,
			);
			name = "Third Party";
			sourceTree = "<group>";
		};
		F985735B1C30B4B100E8FE87 /* ICViewPager */ = {
			isa = PBXGroup;
			children = (
				F98573581C30B4A900E8FE87 /* ViewPagerController.h */,
				F98573591C30B4A900E8FE87 /* ViewPagerController.m */,
			);
			name = ICViewPager;
			sourceTree = "<group>";
		};
		F985735C1C30B4BC00E8FE87 /* KxMenu */ = {
			isa = PBXGroup;
			children = (
				F98573511C3098CA00E8FE87 /* KxMenu.h */,
				F98573521C3098CA00E8FE87 /* KxMenu.m */,
			);
			name = KxMenu;
			sourceTree = "<group>";
		};
		F9FFE9C71C276C0A004A5CE3 = {
			isa = PBXGroup;
			children = (
				F9FFE9D21C276C0A004A5CE3 /* Homework */,
				F9FFE9EF1C276C0A004A5CE3 /* HomeworkTests */,
				F9FFE9FA1C276C0A004A5CE3 /* HomeworkUITests */,
				F9FFE9D11C276C0A004A5CE3 /* Products */,
				F984CAFE9C1F6FEED3E373D7 /* Pods */,
				AA5892D32A875F3D75BC0A3B /* Frameworks */,
			);
			sourceTree = "<group>";
		};
		F9FFE9D11C276C0A004A5CE3 /* Products */ = {
			isa = PBXGroup;
			children = (
				F9FFE9D01C276C0A004A5CE3 /* Homework.app */,
				F9FFE9EC1C276C0A004A5CE3 /* HomeworkTests.xctest */,
				F9FFE9F71C276C0A004A5CE3 /* HomeworkUITests.xctest */,
			);
			name = Products;
			sourceTree = "<group>";
		};
		F9FFE9D21C276C0A004A5CE3 /* Homework */ = {
			isa = PBXGroup;
			children = (
				F9FFEA211C277197004A5CE3 /* Models */,
				F9163A541C2FA7940071EFF6 /* User Interface */,
				F9163A561C2FB08C0071EFF6 /* View Controllers */,
				F9FFE9E41C276C0A004A5CE3 /* LaunchScreen.storyboard */,
				F9FFE9DF1C276C0A004A5CE3 /* Homework.xcdatamodeld */,
				F9FFE9D31C276C0A004A5CE3 /* Supporting Files */,
				F98573541C3098D000E8FE87 /* Third Party */,
			);
			path = Homework;
			sourceTree = "<group>";
		};
		F9FFE9D31C276C0A004A5CE3 /* Supporting Files */ = {
			isa = PBXGroup;
			children = (
				F9163A551C2FA8330071EFF6 /* HomeworkPrefixHeader.pch */,
				F9FFE9E21C276C0A004A5CE3 /* Assets.xcassets */,
				F9FFE9E71C276C0A004A5CE3 /* Info.plist */,
				F9FFE9D41C276C0A004A5CE3 /* main.m */,
			);
			name = "Supporting Files";
			sourceTree = "<group>";
		};
		F9FFE9EF1C276C0A004A5CE3 /* HomeworkTests */ = {
			isa = PBXGroup;
			children = (
				F9FFE9F01C276C0A004A5CE3 /* HomeworkTests.m */,
				F9FFE9F21C276C0A004A5CE3 /* Info.plist */,
			);
			path = HomeworkTests;
			sourceTree = "<group>";
		};
		F9FFE9FA1C276C0A004A5CE3 /* HomeworkUITests */ = {
			isa = PBXGroup;
			children = (
				F9FFE9FB1C276C0A004A5CE3 /* HomeworkUITests.m */,
				F9FFE9FD1C276C0A004A5CE3 /* Info.plist */,
			);
			path = HomeworkUITests;
			sourceTree = "<group>";
		};
		F9FFEA211C277197004A5CE3 /* Models */ = {
			isa = PBXGroup;
			children = (
				F9FFEA221C2771BA004A5CE3 /* Course List */,
				F9FFEA251C2771DB004A5CE3 /* Course */,
				F9FFEA231C2771CB004A5CE3 /* Assignment */,
				F9FFEA241C2771D3004A5CE3 /* Assessment */,
			);
			name = Models;
			sourceTree = "<group>";
		};
		F9FFEA221C2771BA004A5CE3 /* Course List */ = {
			isa = PBXGroup;
			children = (
				F9FFEA171C27718D004A5CE3 /* HWCourseList.h */,
				F9FFEA181C27718D004A5CE3 /* HWCourseList.m */,
				F9FFEA151C27718D004A5CE3 /* HWCourseList+CoreDataProperties.h */,
				F9FFEA161C27718D004A5CE3 /* HWCourseList+CoreDataProperties.m */,
			);
			name = "Course List";
			sourceTree = "<group>";
		};
		F9FFEA231C2771CB004A5CE3 /* Assignment */ = {
			isa = PBXGroup;
			children = (
				F9FFEA0B1C27718D004A5CE3 /* HWAssignment.h */,
				F9FFEA0C1C27718D004A5CE3 /* HWAssignment.m */,
				F9FFEA091C27718D004A5CE3 /* HWAssignment+CoreDataProperties.h */,
				F9FFEA0A1C27718D004A5CE3 /* HWAssignment+CoreDataProperties.m */,
			);
			name = Assignment;
			sourceTree = "<group>";
		};
		F9FFEA241C2771D3004A5CE3 /* Assessment */ = {
			isa = PBXGroup;
			children = (
				F9FFEA0F1C27718D004A5CE3 /* HWAssessment.h */,
				F9FFEA101C27718D004A5CE3 /* HWAssessment.m */,
				F9FFEA0D1C27718D004A5CE3 /* HWAssessment+CoreDataProperties.h */,
				F9FFEA0E1C27718D004A5CE3 /* HWAssessment+CoreDataProperties.m */,
			);
			name = Assessment;
			sourceTree = "<group>";
		};
		F9FFEA251C2771DB004A5CE3 /* Course */ = {
			isa = PBXGroup;
			children = (
				F9FFEA131C27718D004A5CE3 /* HWCourse.h */,
				F9FFEA141C27718D004A5CE3 /* HWCourse.m */,
				F9FFEA111C27718D004A5CE3 /* HWCourse+CoreDataProperties.h */,
				F9FFEA121C27718D004A5CE3 /* HWCourse+CoreDataProperties.m */,
			);
			name = Course;
			sourceTree = "<group>";
		};
/* End PBXGroup section */

/* Begin PBXNativeTarget section */
		F9FFE9CF1C276C0A004A5CE3 /* Homework */ = {
			isa = PBXNativeTarget;
			buildConfigurationList = F9FFEA001C276C0A004A5CE3 /* Build configuration list for PBXNativeTarget "Homework" */;
			buildPhases = (
				932E6C691EDBD19BA463D693 /* Check Pods Manifest.lock */,
				F9FFE9CC1C276C0A004A5CE3 /* Sources */,
				F9FFE9CD1C276C0A004A5CE3 /* Frameworks */,
				F9FFE9CE1C276C0A004A5CE3 /* Resources */,
				0B80653DF081D1DDB2AB6274 /* Embed Pods Frameworks */,
				4A30DD8A13FE79D115CE4CE5 /* Copy Pods Resources */,
			);
			buildRules = (
			);
			dependencies = (
			);
			name = Homework;
			productName = Homework;
			productReference = F9FFE9D01C276C0A004A5CE3 /* Homework.app */;
			productType = "com.apple.product-type.application";
		};
		F9FFE9EB1C276C0A004A5CE3 /* HomeworkTests */ = {
			isa = PBXNativeTarget;
			buildConfigurationList = F9FFEA031C276C0A004A5CE3 /* Build configuration list for PBXNativeTarget "HomeworkTests" */;
			buildPhases = (
				F9FFE9E81C276C0A004A5CE3 /* Sources */,
				F9FFE9E91C276C0A004A5CE3 /* Frameworks */,
				F9FFE9EA1C276C0A004A5CE3 /* Resources */,
			);
			buildRules = (
			);
			dependencies = (
				F9FFE9EE1C276C0A004A5CE3 /* PBXTargetDependency */,
			);
			name = HomeworkTests;
			productName = HomeworkTests;
			productReference = F9FFE9EC1C276C0A004A5CE3 /* HomeworkTests.xctest */;
			productType = "com.apple.product-type.bundle.unit-test";
		};
		F9FFE9F61C276C0A004A5CE3 /* HomeworkUITests */ = {
			isa = PBXNativeTarget;
			buildConfigurationList = F9FFEA061C276C0A004A5CE3 /* Build configuration list for PBXNativeTarget "HomeworkUITests" */;
			buildPhases = (
				F9FFE9F31C276C0A004A5CE3 /* Sources */,
				F9FFE9F41C276C0A004A5CE3 /* Frameworks */,
				F9FFE9F51C276C0A004A5CE3 /* Resources */,
			);
			buildRules = (
			);
			dependencies = (
				F9FFE9F91C276C0A004A5CE3 /* PBXTargetDependency */,
			);
			name = HomeworkUITests;
			productName = HomeworkUITests;
			productReference = F9FFE9F71C276C0A004A5CE3 /* HomeworkUITests.xctest */;
			productType = "com.apple.product-type.bundle.ui-testing";
		};
/* End PBXNativeTarget section */

/* Begin PBXProject section */
		F9FFE9C81C276C0A004A5CE3 /* Project object */ = {
			isa = PBXProject;
			attributes = {
				LastUpgradeCheck = 0720;
				ORGANIZATIONNAME = CD;
				TargetAttributes = {
					F9FFE9CF1C276C0A004A5CE3 = {
						CreatedOnToolsVersion = 7.2;
						DevelopmentTeam = AE4TCQ8Z49;
					};
					F9FFE9EB1C276C0A004A5CE3 = {
						CreatedOnToolsVersion = 7.2;
						TestTargetID = F9FFE9CF1C276C0A004A5CE3;
					};
					F9FFE9F61C276C0A004A5CE3 = {
						CreatedOnToolsVersion = 7.2;
						TestTargetID = F9FFE9CF1C276C0A004A5CE3;
					};
				};
			};
			buildConfigurationList = F9FFE9CB1C276C0A004A5CE3 /* Build configuration list for PBXProject "Homework" */;
			compatibilityVersion = "Xcode 3.2";
			developmentRegion = English;
			hasScannedForEncodings = 0;
			knownRegions = (
				en,
				Base,
			);
			mainGroup = F9FFE9C71C276C0A004A5CE3;
			productRefGroup = F9FFE9D11C276C0A004A5CE3 /* Products */;
			projectDirPath = "";
			projectRoot = "";
			targets = (
				F9FFE9CF1C276C0A004A5CE3 /* Homework */,
				F9FFE9EB1C276C0A004A5CE3 /* HomeworkTests */,
				F9FFE9F61C276C0A004A5CE3 /* HomeworkUITests */,
			);
		};
/* End PBXProject section */

/* Begin PBXResourcesBuildPhase section */
		F9FFE9CE1C276C0A004A5CE3 /* Resources */ = {
			isa = PBXResourcesBuildPhase;
			buildActionMask = 2147483647;
			files = (
				F9FFE9E61C276C0A004A5CE3 /* LaunchScreen.storyboard in Resources */,
				F9FFE9E31C276C0A004A5CE3 /* Assets.xcassets in Resources */,
				F9FFE9DE1C276C0A004A5CE3 /* Main.storyboard in Resources */,
			);
			runOnlyForDeploymentPostprocessing = 0;
		};
		F9FFE9EA1C276C0A004A5CE3 /* Resources */ = {
			isa = PBXResourcesBuildPhase;
			buildActionMask = 2147483647;
			files = (
			);
			runOnlyForDeploymentPostprocessing = 0;
		};
		F9FFE9F51C276C0A004A5CE3 /* Resources */ = {
			isa = PBXResourcesBuildPhase;
			buildActionMask = 2147483647;
			files = (
			);
			runOnlyForDeploymentPostprocessing = 0;
		};
/* End PBXResourcesBuildPhase section */

/* Begin PBXShellScriptBuildPhase section */
		0B80653DF081D1DDB2AB6274 /* Embed Pods Frameworks */ = {
			isa = PBXShellScriptBuildPhase;
			buildActionMask = 2147483647;
			files = (
			);
			inputPaths = (
			);
			name = "Embed Pods Frameworks";
			outputPaths = (
			);
			runOnlyForDeploymentPostprocessing = 0;
			shellPath = /bin/sh;
			shellScript = "\"${SRCROOT}/Pods/Target Support Files/Pods-Homework/Pods-Homework-frameworks.sh\"\n";
			showEnvVarsInLog = 0;
		};
		4A30DD8A13FE79D115CE4CE5 /* Copy Pods Resources */ = {
			isa = PBXShellScriptBuildPhase;
			buildActionMask = 2147483647;
			files = (
			);
			inputPaths = (
			);
			name = "Copy Pods Resources";
			outputPaths = (
			);
			runOnlyForDeploymentPostprocessing = 0;
			shellPath = /bin/sh;
			shellScript = "\"${SRCROOT}/Pods/Target Support Files/Pods-Homework/Pods-Homework-resources.sh\"\n";
			showEnvVarsInLog = 0;
		};
		932E6C691EDBD19BA463D693 /* Check Pods Manifest.lock */ = {
			isa = PBXShellScriptBuildPhase;
			buildActionMask = 2147483647;
			files = (
			);
			inputPaths = (
			);
			name = "Check Pods Manifest.lock";
			outputPaths = (
			);
			runOnlyForDeploymentPostprocessing = 0;
			shellPath = /bin/sh;
			shellScript = "diff \"${PODS_ROOT}/../Podfile.lock\" \"${PODS_ROOT}/Manifest.lock\" > /dev/null\nif [[ $? != 0 ]] ; then\n    cat << EOM\nerror: The sandbox is not in sync with the Podfile.lock. Run 'pod install' or update your CocoaPods installation.\nEOM\n    exit 1\nfi\n";
			showEnvVarsInLog = 0;
		};
/* End PBXShellScriptBuildPhase section */

/* Begin PBXSourcesBuildPhase section */
		F9FFE9CC1C276C0A004A5CE3 /* Sources */ = {
			isa = PBXSourcesBuildPhase;
			buildActionMask = 2147483647;
			files = (
				F9FFEA191C27718D004A5CE3 /* HWAssignment+CoreDataProperties.m in Sources */,
				F9FFEA201C27718D004A5CE3 /* HWCourseList.m in Sources */,
				F9FFEA1D1C27718D004A5CE3 /* HWCourse+CoreDataProperties.m in Sources */,
				F9FFEA1F1C27718D004A5CE3 /* HWCourseList+CoreDataProperties.m in Sources */,
				F9FFE9DB1C276C0A004A5CE3 /* MainViewController.m in Sources */,
				F9FFEA281C278903004A5CE3 /* CourseListViewController.m in Sources */,
				F9163A531C2FA7890071EFF6 /* UIColor+HWColors.m in Sources */,
				F9FFE9E11C276C0A004A5CE3 /* Homework.xcdatamodeld in Sources */,
				F9163A441C2F22490071EFF6 /* AddCourseViewController.m in Sources */,
				F9FFEA1B1C27718D004A5CE3 /* HWAssessment+CoreDataProperties.m in Sources */,
				F9FFE9D81C276C0A004A5CE3 /* AppDelegate.m in Sources */,
				F97D82781C2C909D004C6212 /* DayViewController.m in Sources */,
				F9FFE9D51C276C0A004A5CE3 /* main.m in Sources */,
				F9FFEA1E1C27718D004A5CE3 /* HWCourse.m in Sources */,
				F98573531C3098CA00E8FE87 /* KxMenu.m in Sources */,
				F9FFEA1C1C27718D004A5CE3 /* HWAssessment.m in Sources */,
				F98573571C30B2A900E8FE87 /* AddDateViewController.m in Sources */,
				F985735A1C30B4A900E8FE87 /* ViewPagerController.m in Sources */,
				F9FFEA1A1C27718D004A5CE3 /* HWAssignment.m in Sources */,
			);
			runOnlyForDeploymentPostprocessing = 0;
		};
		F9FFE9E81C276C0A004A5CE3 /* Sources */ = {
			isa = PBXSourcesBuildPhase;
			buildActionMask = 2147483647;
			files = (
				F9FFE9F11C276C0A004A5CE3 /* HomeworkTests.m in Sources */,
			);
			runOnlyForDeploymentPostprocessing = 0;
		};
		F9FFE9F31C276C0A004A5CE3 /* Sources */ = {
			isa = PBXSourcesBuildPhase;
			buildActionMask = 2147483647;
			files = (
				F9FFE9FC1C276C0A004A5CE3 /* HomeworkUITests.m in Sources */,
			);
			runOnlyForDeploymentPostprocessing = 0;
		};
/* End PBXSourcesBuildPhase section */

/* Begin PBXTargetDependency section */
		F9FFE9EE1C276C0A004A5CE3 /* PBXTargetDependency */ = {
			isa = PBXTargetDependency;
			target = F9FFE9CF1C276C0A004A5CE3 /* Homework */;
			targetProxy = F9FFE9ED1C276C0A004A5CE3 /* PBXContainerItemProxy */;
		};
		F9FFE9F91C276C0A004A5CE3 /* PBXTargetDependency */ = {
			isa = PBXTargetDependency;
			target = F9FFE9CF1C276C0A004A5CE3 /* Homework */;
			targetProxy = F9FFE9F81C276C0A004A5CE3 /* PBXContainerItemProxy */;
		};
/* End PBXTargetDependency section */

/* Begin PBXVariantGroup section */
		F9FFE9DC1C276C0A004A5CE3 /* Main.storyboard */ = {
			isa = PBXVariantGroup;
			children = (
				F9FFE9DD1C276C0A004A5CE3 /* Base */,
			);
			name = Main.storyboard;
			sourceTree = "<group>";
		};
		F9FFE9E41C276C0A004A5CE3 /* LaunchScreen.storyboard */ = {
			isa = PBXVariantGroup;
			children = (
				F9FFE9E51C276C0A004A5CE3 /* Base */,
			);
			name = LaunchScreen.storyboard;
			sourceTree = "<group>";
		};
/* End PBXVariantGroup section */

/* Begin XCBuildConfiguration section */
		F9FFE9FE1C276C0A004A5CE3 /* Debug */ = {
			isa = XCBuildConfiguration;
			buildSettings = {
				ALWAYS_SEARCH_USER_PATHS = NO;
				CLANG_CXX_LANGUAGE_STANDARD = "gnu++0x";
				CLANG_CXX_LIBRARY = "libc++";
				CLANG_ENABLE_MODULES = YES;
				CLANG_ENABLE_OBJC_ARC = YES;
				CLANG_WARN_BOOL_CONVERSION = YES;
				CLANG_WARN_CONSTANT_CONVERSION = YES;
				CLANG_WARN_DIRECT_OBJC_ISA_USAGE = YES_ERROR;
				CLANG_WARN_EMPTY_BODY = YES;
				CLANG_WARN_ENUM_CONVERSION = YES;
				CLANG_WARN_INT_CONVERSION = YES;
				CLANG_WARN_OBJC_ROOT_CLASS = YES_ERROR;
				CLANG_WARN_UNREACHABLE_CODE = YES;
				CLANG_WARN__DUPLICATE_METHOD_MATCH = YES;
				"CODE_SIGN_IDENTITY[sdk=iphoneos*]" = "iPhone Developer";
				COPY_PHASE_STRIP = NO;
				DEBUG_INFORMATION_FORMAT = dwarf;
				ENABLE_STRICT_OBJC_MSGSEND = YES;
				ENABLE_TESTABILITY = YES;
				GCC_C_LANGUAGE_STANDARD = gnu99;
				GCC_DYNAMIC_NO_PIC = NO;
				GCC_NO_COMMON_BLOCKS = YES;
				GCC_OPTIMIZATION_LEVEL = 0;
				GCC_PRECOMPILE_PREFIX_HEADER = YES;
				GCC_PREPROCESSOR_DEFINITIONS = (
					"DEBUG=1",
					"$(inherited)",
				);
				GCC_WARN_64_TO_32_BIT_CONVERSION = YES;
				GCC_WARN_ABOUT_RETURN_TYPE = YES_ERROR;
				GCC_WARN_UNDECLARED_SELECTOR = YES;
				GCC_WARN_UNINITIALIZED_AUTOS = YES_AGGRESSIVE;
				GCC_WARN_UNUSED_FUNCTION = YES;
				GCC_WARN_UNUSED_VARIABLE = YES;
				IPHONEOS_DEPLOYMENT_TARGET = 9.2;
				MTL_ENABLE_DEBUG_INFO = YES;
				ONLY_ACTIVE_ARCH = YES;
				SDKROOT = iphoneos;
				TARGETED_DEVICE_FAMILY = "1,2";
			};
			name = Debug;
		};
		F9FFE9FF1C276C0A004A5CE3 /* Release */ = {
			isa = XCBuildConfiguration;
			buildSettings = {
				ALWAYS_SEARCH_USER_PATHS = NO;
				CLANG_CXX_LANGUAGE_STANDARD = "gnu++0x";
				CLANG_CXX_LIBRARY = "libc++";
				CLANG_ENABLE_MODULES = YES;
				CLANG_ENABLE_OBJC_ARC = YES;
				CLANG_WARN_BOOL_CONVERSION = YES;
				CLANG_WARN_CONSTANT_CONVERSION = YES;
				CLANG_WARN_DIRECT_OBJC_ISA_USAGE = YES_ERROR;
				CLANG_WARN_EMPTY_BODY = YES;
				CLANG_WARN_ENUM_CONVERSION = YES;
				CLANG_WARN_INT_CONVERSION = YES;
				CLANG_WARN_OBJC_ROOT_CLASS = YES_ERROR;
				CLANG_WARN_UNREACHABLE_CODE = YES;
				CLANG_WARN__DUPLICATE_METHOD_MATCH = YES;
				"CODE_SIGN_IDENTITY[sdk=iphoneos*]" = "iPhone Developer";
				COPY_PHASE_STRIP = NO;
				DEBUG_INFORMATION_FORMAT = "dwarf-with-dsym";
				ENABLE_NS_ASSERTIONS = NO;
				ENABLE_STRICT_OBJC_MSGSEND = YES;
				GCC_C_LANGUAGE_STANDARD = gnu99;
				GCC_NO_COMMON_BLOCKS = YES;
				GCC_PRECOMPILE_PREFIX_HEADER = YES;
				GCC_WARN_64_TO_32_BIT_CONVERSION = YES;
				GCC_WARN_ABOUT_RETURN_TYPE = YES_ERROR;
				GCC_WARN_UNDECLARED_SELECTOR = YES;
				GCC_WARN_UNINITIALIZED_AUTOS = YES_AGGRESSIVE;
				GCC_WARN_UNUSED_FUNCTION = YES;
				GCC_WARN_UNUSED_VARIABLE = YES;
				IPHONEOS_DEPLOYMENT_TARGET = 9.2;
				MTL_ENABLE_DEBUG_INFO = NO;
				SDKROOT = iphoneos;
				TARGETED_DEVICE_FAMILY = "1,2";
				VALIDATE_PRODUCT = YES;
			};
			name = Release;
		};
		F9FFEA011C276C0A004A5CE3 /* Debug */ = {
			isa = XCBuildConfiguration;
			baseConfigurationReference = D87B1063DBDC9509B6E67ACA /* Pods-Homework.debug.xcconfig */;
			buildSettings = {
				ASSETCATALOG_COMPILER_APPICON_NAME = AppIcon;
				CODE_SIGN_IDENTITY = "iPhone Developer";
				GCC_PRECOMPILE_PREFIX_HEADER = YES;
				GCC_PREFIX_HEADER = "/Users/chappysthebest1/Desktop/Github Repos/Homework_iOS/Homework/Homework/HomeworkPrefixHeader.pch";
				INFOPLIST_FILE = Homework/Info.plist;
				IPHONEOS_DEPLOYMENT_TARGET = 8.0;
				LD_RUNPATH_SEARCH_PATHS = "$(inherited) @executable_path/Frameworks";
				PRODUCT_BUNDLE_IDENTIFIER = CDdesigns.Homework;
				PRODUCT_NAME = "$(TARGET_NAME)";
				TARGETED_DEVICE_FAMILY = 1;
			};
			name = Debug;
		};
		F9FFEA021C276C0A004A5CE3 /* Release */ = {
			isa = XCBuildConfiguration;
			baseConfigurationReference = 8F09A2FD11D7557F4909623B /* Pods-Homework.release.xcconfig */;
			buildSettings = {
				ASSETCATALOG_COMPILER_APPICON_NAME = AppIcon;
				CODE_SIGN_IDENTITY = "iPhone Developer";
				GCC_PRECOMPILE_PREFIX_HEADER = YES;
				GCC_PREFIX_HEADER = "/Users/chappysthebest1/Desktop/Github Repos/Homework_iOS/Homework/Homework/HomeworkPrefixHeader.pch";
				INFOPLIST_FILE = Homework/Info.plist;
				IPHONEOS_DEPLOYMENT_TARGET = 8.0;
				LD_RUNPATH_SEARCH_PATHS = "$(inherited) @executable_path/Frameworks";
				PRODUCT_BUNDLE_IDENTIFIER = CDdesigns.Homework;
				PRODUCT_NAME = "$(TARGET_NAME)";
				TARGETED_DEVICE_FAMILY = 1;
			};
			name = Release;
		};
		F9FFEA041C276C0A004A5CE3 /* Debug */ = {
			isa = XCBuildConfiguration;
			buildSettings = {
				BUNDLE_LOADER = "$(TEST_HOST)";
				INFOPLIST_FILE = HomeworkTests/Info.plist;
				LD_RUNPATH_SEARCH_PATHS = "$(inherited) @executable_path/Frameworks @loader_path/Frameworks";
				PRODUCT_BUNDLE_IDENTIFIER = CDdesigns.HomeworkTests;
				PRODUCT_NAME = "$(TARGET_NAME)";
				TEST_HOST = "$(BUILT_PRODUCTS_DIR)/Homework.app/Homework";
			};
			name = Debug;
		};
		F9FFEA051C276C0A004A5CE3 /* Release */ = {
			isa = XCBuildConfiguration;
			buildSettings = {
				BUNDLE_LOADER = "$(TEST_HOST)";
				INFOPLIST_FILE = HomeworkTests/Info.plist;
				LD_RUNPATH_SEARCH_PATHS = "$(inherited) @executable_path/Frameworks @loader_path/Frameworks";
				PRODUCT_BUNDLE_IDENTIFIER = CDdesigns.HomeworkTests;
				PRODUCT_NAME = "$(TARGET_NAME)";
				TEST_HOST = "$(BUILT_PRODUCTS_DIR)/Homework.app/Homework";
			};
			name = Release;
		};
		F9FFEA071C276C0A004A5CE3 /* Debug */ = {
			isa = XCBuildConfiguration;
			buildSettings = {
				INFOPLIST_FILE = HomeworkUITests/Info.plist;
				LD_RUNPATH_SEARCH_PATHS = "$(inherited) @executable_path/Frameworks @loader_path/Frameworks";
				PRODUCT_BUNDLE_IDENTIFIER = CDdesigns.HomeworkUITests;
				PRODUCT_NAME = "$(TARGET_NAME)";
				TEST_TARGET_NAME = Homework;
				USES_XCTRUNNER = YES;
			};
			name = Debug;
		};
		F9FFEA081C276C0A004A5CE3 /* Release */ = {
			isa = XCBuildConfiguration;
			buildSettings = {
				INFOPLIST_FILE = HomeworkUITests/Info.plist;
				LD_RUNPATH_SEARCH_PATHS = "$(inherited) @executable_path/Frameworks @loader_path/Frameworks";
				PRODUCT_BUNDLE_IDENTIFIER = CDdesigns.HomeworkUITests;
				PRODUCT_NAME = "$(TARGET_NAME)";
				TEST_TARGET_NAME = Homework;
				USES_XCTRUNNER = YES;
			};
			name = Release;
		};
/* End XCBuildConfiguration section */

/* Begin XCConfigurationList section */
		F9FFE9CB1C276C0A004A5CE3 /* Build configuration list for PBXProject "Homework" */ = {
			isa = XCConfigurationList;
			buildConfigurations = (
				F9FFE9FE1C276C0A004A5CE3 /* Debug */,
				F9FFE9FF1C276C0A004A5CE3 /* Release */,
			);
			defaultConfigurationIsVisible = 0;
			defaultConfigurationName = Release;
		};
		F9FFEA001C276C0A004A5CE3 /* Build configuration list for PBXNativeTarget "Homework" */ = {
			isa = XCConfigurationList;
			buildConfigurations = (
				F9FFEA011C276C0A004A5CE3 /* Debug */,
				F9FFEA021C276C0A004A5CE3 /* Release */,
			);
			defaultConfigurationIsVisible = 0;
			defaultConfigurationName = Release;
		};
		F9FFEA031C276C0A004A5CE3 /* Build configuration list for PBXNativeTarget "HomeworkTests" */ = {
			isa = XCConfigurationList;
			buildConfigurations = (
				F9FFEA041C276C0A004A5CE3 /* Debug */,
				F9FFEA051C276C0A004A5CE3 /* Release */,
			);
			defaultConfigurationIsVisible = 0;
			defaultConfigurationName = Release;
		};
		F9FFEA061C276C0A004A5CE3 /* Build configuration list for PBXNativeTarget "HomeworkUITests" */ = {
			isa = XCConfigurationList;
			buildConfigurations = (
				F9FFEA071C276C0A004A5CE3 /* Debug */,
				F9FFEA081C276C0A004A5CE3 /* Release */,
			);
			defaultConfigurationIsVisible = 0;
			defaultConfigurationName = Release;
		};
/* End XCConfigurationList section */

/* Begin XCVersionGroup section */
		F9FFE9DF1C276C0A004A5CE3 /* Homework.xcdatamodeld */ = {
			isa = XCVersionGroup;
			children = (
				F9FFE9E01C276C0A004A5CE3 /* Homework.xcdatamodel */,
			);
			currentVersion = F9FFE9E01C276C0A004A5CE3 /* Homework.xcdatamodel */;
			path = Homework.xcdatamodeld;
			sourceTree = "<group>";
			versionGroupType = wrapper.xcdatamodel;
		};
/* End XCVersionGroup section */
	};
	rootObject = F9FFE9C81C276C0A004A5CE3 /* Project object */;
}
