// !$*UTF8*$!
{
	archiveVersion = 1;
	classes = {
	};
	objectVersion = 46;
	objects = {

/* Begin PBXBuildFile section */
		CF63404F1C6EA8CB003EC555 /* HWAssessmentRepositoryMySQL.swift in Sources */ = {isa = PBXBuildFile; fileRef = CF63404B1C6EA8CB003EC555 /* HWAssessmentRepositoryMySQL.swift */; };
		CF6340501C6EA8CB003EC555 /* HWAssignmentRepositoryMySQL.swift in Sources */ = {isa = PBXBuildFile; fileRef = CF63404C1C6EA8CB003EC555 /* HWAssignmentRepositoryMySQL.swift */; };
		CF6340511C6EA8CB003EC555 /* HWCourseListRepositoryMySQL.swift in Sources */ = {isa = PBXBuildFile; fileRef = CF63404D1C6EA8CB003EC555 /* HWCourseListRepositoryMySQL.swift */; };
		CF6340521C6EA8CB003EC555 /* HWCourseRepositoryMySQL.swift in Sources */ = {isa = PBXBuildFile; fileRef = CF63404E1C6EA8CB003EC555 /* HWCourseRepositoryMySQL.swift */; };
		CFDC933A1C6D99CD00EEF047 /* HomeworkBackend.h in Headers */ = {isa = PBXBuildFile; fileRef = CFDC93391C6D99CD00EEF047 /* HomeworkBackend.h */; settings = {ATTRIBUTES = (Public, ); }; };
		CFDC933C1C6D99CD00EEF047 /* index.mustache in Resources */ = {isa = PBXBuildFile; fileRef = CFDC933B1C6D99CD00EEF047 /* index.mustache */; };
		CFDC93451C6D99CD00EEF047 /* HomeworkBackend.framework in Frameworks */ = {isa = PBXBuildFile; fileRef = CFDC93361C6D99CD00EEF047 /* HomeworkBackend.framework */; };
		CFDC934A1C6D99CE00EEF047 /* HomeworkBackendTests.swift in Sources */ = {isa = PBXBuildFile; fileRef = CFDC93491C6D99CE00EEF047 /* HomeworkBackendTests.swift */; };
		CFDC93551C6D9CF900EEF047 /* Homework in Resources */ = {isa = PBXBuildFile; fileRef = CFDC93541C6D9CF900EEF047 /* Homework */; };
		CFDC93701C6D9E0700EEF047 /* BaseRequestHandler.swift in Sources */ = {isa = PBXBuildFile; fileRef = CFDC93571C6D9E0700EEF047 /* BaseRequestHandler.swift */; };
		CFDC93711C6D9E0700EEF047 /* Config.swift in Sources */ = {isa = PBXBuildFile; fileRef = CFDC93581C6D9E0700EEF047 /* Config.swift */; };
		CFDC93721C6D9E0700EEF047 /* docs in Resources */ = {isa = PBXBuildFile; fileRef = CFDC93591C6D9E0700EEF047 /* docs */; };
		CFDC93731C6D9E0700EEF047 /* Extensions.swift in Sources */ = {isa = PBXBuildFile; fileRef = CFDC935A1C6D9E0700EEF047 /* Extensions.swift */; };
		CFDC93741C6D9E0700EEF047 /* HomeworkServer.swift in Sources */ = {isa = PBXBuildFile; fileRef = CFDC935B1C6D9E0700EEF047 /* HomeworkServer.swift */; };
		CFDC93751C6D9E0700EEF047 /* HWAssessment.swift in Sources */ = {isa = PBXBuildFile; fileRef = CFDC935C1C6D9E0700EEF047 /* HWAssessment.swift */; };
		CFDC93761C6D9E0700EEF047 /* HWAssessmentHandlers.swift in Sources */ = {isa = PBXBuildFile; fileRef = CFDC935D1C6D9E0700EEF047 /* HWAssessmentHandlers.swift */; };
		CFDC93781C6D9E0700EEF047 /* HWAssignment.swift in Sources */ = {isa = PBXBuildFile; fileRef = CFDC935F1C6D9E0700EEF047 /* HWAssignment.swift */; };
		CFDC93791C6D9E0700EEF047 /* HWAssignmentHandlers.swift in Sources */ = {isa = PBXBuildFile; fileRef = CFDC93601C6D9E0700EEF047 /* HWAssignmentHandlers.swift */; };
		CFDC937B1C6D9E0700EEF047 /* HWCourse.swift in Sources */ = {isa = PBXBuildFile; fileRef = CFDC93621C6D9E0700EEF047 /* HWCourse.swift */; };
		CFDC937C1C6D9E0700EEF047 /* HWCourseHandlers.swift in Sources */ = {isa = PBXBuildFile; fileRef = CFDC93631C6D9E0700EEF047 /* HWCourseHandlers.swift */; };
		CFDC937D1C6D9E0700EEF047 /* HWCourseList.swift in Sources */ = {isa = PBXBuildFile; fileRef = CFDC93641C6D9E0700EEF047 /* HWCourseList.swift */; };
		CFDC937E1C6D9E0700EEF047 /* HWCourseListHandlers.swift in Sources */ = {isa = PBXBuildFile; fileRef = CFDC93651C6D9E0700EEF047 /* HWCourseListHandlers.swift */; };
		CFDC93811C6D9E0700EEF047 /* instructions.txt in Resources */ = {isa = PBXBuildFile; fileRef = CFDC93681C6D9E0700EEF047 /* instructions.txt */; };
		CFDC93821C6D9E0700EEF047 /* LICENSE.AFFERO.TXT in Resources */ = {isa = PBXBuildFile; fileRef = CFDC93691C6D9E0700EEF047 /* LICENSE.AFFERO.TXT */; };
		CFDC93831C6D9E0700EEF047 /* LICENSE.MIT.TXT in Resources */ = {isa = PBXBuildFile; fileRef = CFDC936A1C6D9E0700EEF047 /* LICENSE.MIT.TXT */; };
		CFDC93841C6D9E0700EEF047 /* perfectServerFcgi.sh in Resources */ = {isa = PBXBuildFile; fileRef = CFDC936B1C6D9E0700EEF047 /* perfectServerFcgi.sh */; };
		CFDC93851C6D9E0700EEF047 /* PersistenceManagerMySQL.swift in Sources */ = {isa = PBXBuildFile; fileRef = CFDC936C1C6D9E0700EEF047 /* PersistenceManagerMySQL.swift */; };
		CFDC93871C6D9E0700EEF047 /* RepositoryMySQL.swift in Sources */ = {isa = PBXBuildFile; fileRef = CFDC936E1C6D9E0700EEF047 /* RepositoryMySQL.swift */; };
		CFDC938B1C6D9EE000EEF047 /* MySQL.framework in Frameworks */ = {isa = PBXBuildFile; fileRef = CFDC93891C6D9EE000EEF047 /* MySQL.framework */; };
		CFDC938C1C6D9EE000EEF047 /* PerfectLib.framework in Frameworks */ = {isa = PBXBuildFile; fileRef = CFDC938A1C6D9EE000EEF047 /* PerfectLib.framework */; };
/* End PBXBuildFile section */

/* Begin PBXContainerItemProxy section */
		CFDC93461C6D99CD00EEF047 /* PBXContainerItemProxy */ = {
			isa = PBXContainerItemProxy;
			containerPortal = CFDC932D1C6D99CD00EEF047 /* Project object */;
			proxyType = 1;
			remoteGlobalIDString = CFDC93351C6D99CD00EEF047;
			remoteInfo = HomeworkBackend;
		};
/* End PBXContainerItemProxy section */

/* Begin PBXFileReference section */
		CF63404B1C6EA8CB003EC555 /* HWAssessmentRepositoryMySQL.swift */ = {isa = PBXFileReference; fileEncoding = 4; lastKnownFileType = sourcecode.swift; name = HWAssessmentRepositoryMySQL.swift; path = Homework/HWAssessmentRepositoryMySQL.swift; sourceTree = SOURCE_ROOT; };
		CF63404C1C6EA8CB003EC555 /* HWAssignmentRepositoryMySQL.swift */ = {isa = PBXFileReference; fileEncoding = 4; lastKnownFileType = sourcecode.swift; name = HWAssignmentRepositoryMySQL.swift; path = Homework/HWAssignmentRepositoryMySQL.swift; sourceTree = SOURCE_ROOT; };
		CF63404D1C6EA8CB003EC555 /* HWCourseListRepositoryMySQL.swift */ = {isa = PBXFileReference; fileEncoding = 4; lastKnownFileType = sourcecode.swift; name = HWCourseListRepositoryMySQL.swift; path = Homework/HWCourseListRepositoryMySQL.swift; sourceTree = SOURCE_ROOT; };
		CF63404E1C6EA8CB003EC555 /* HWCourseRepositoryMySQL.swift */ = {isa = PBXFileReference; fileEncoding = 4; lastKnownFileType = sourcecode.swift; name = HWCourseRepositoryMySQL.swift; path = Homework/HWCourseRepositoryMySQL.swift; sourceTree = SOURCE_ROOT; };
		CFDC93361C6D99CD00EEF047 /* HomeworkBackend.framework */ = {isa = PBXFileReference; explicitFileType = wrapper.framework; includeInIndex = 0; path = HomeworkBackend.framework; sourceTree = BUILT_PRODUCTS_DIR; };
		CFDC93391C6D99CD00EEF047 /* HomeworkBackend.h */ = {isa = PBXFileReference; lastKnownFileType = sourcecode.c.h; path = HomeworkBackend.h; sourceTree = "<group>"; };
		CFDC933B1C6D99CD00EEF047 /* index.mustache */ = {isa = PBXFileReference; lastKnownFileType = text; path = index.mustache; sourceTree = "<group>"; };
		CFDC933F1C6D99CD00EEF047 /* Info.plist */ = {isa = PBXFileReference; lastKnownFileType = text.plist.xml; path = Info.plist; sourceTree = "<group>"; };
		CFDC93441C6D99CD00EEF047 /* HomeworkBackendTests.xctest */ = {isa = PBXFileReference; explicitFileType = wrapper.cfbundle; includeInIndex = 0; path = HomeworkBackendTests.xctest; sourceTree = BUILT_PRODUCTS_DIR; };
		CFDC93491C6D99CE00EEF047 /* HomeworkBackendTests.swift */ = {isa = PBXFileReference; lastKnownFileType = sourcecode.swift; path = HomeworkBackendTests.swift; sourceTree = "<group>"; };
		CFDC934B1C6D99CE00EEF047 /* Info.plist */ = {isa = PBXFileReference; lastKnownFileType = text.plist.xml; path = Info.plist; sourceTree = "<group>"; };
		CFDC93541C6D9CF900EEF047 /* Homework */ = {isa = PBXFileReference; lastKnownFileType = folder; name = Homework; path = /Users/evolmark/workspaces/GeneratronExperiments/Homework_iOS/HomeworkBackend/Homework; sourceTree = "<absolute>"; };
		CFDC93571C6D9E0700EEF047 /* BaseRequestHandler.swift */ = {isa = PBXFileReference; fileEncoding = 4; lastKnownFileType = sourcecode.swift; name = BaseRequestHandler.swift; path = Homework/BaseRequestHandler.swift; sourceTree = SOURCE_ROOT; };
		CFDC93581C6D9E0700EEF047 /* Config.swift */ = {isa = PBXFileReference; fileEncoding = 4; lastKnownFileType = sourcecode.swift; name = Config.swift; path = Homework/Config.swift; sourceTree = SOURCE_ROOT; };
		CFDC93591C6D9E0700EEF047 /* docs */ = {isa = PBXFileReference; lastKnownFileType = folder; name = docs; path = Homework/docs; sourceTree = SOURCE_ROOT; };
		CFDC935A1C6D9E0700EEF047 /* Extensions.swift */ = {isa = PBXFileReference; fileEncoding = 4; lastKnownFileType = sourcecode.swift; name = Extensions.swift; path = Homework/Extensions.swift; sourceTree = SOURCE_ROOT; };
		CFDC935B1C6D9E0700EEF047 /* HomeworkServer.swift */ = {isa = PBXFileReference; fileEncoding = 4; lastKnownFileType = sourcecode.swift; name = HomeworkServer.swift; path = Homework/HomeworkServer.swift; sourceTree = SOURCE_ROOT; };
		CFDC935C1C6D9E0700EEF047 /* HWAssessment.swift */ = {isa = PBXFileReference; fileEncoding = 4; lastKnownFileType = sourcecode.swift; name = HWAssessment.swift; path = Homework/HWAssessment.swift; sourceTree = SOURCE_ROOT; };
		CFDC935D1C6D9E0700EEF047 /* HWAssessmentHandlers.swift */ = {isa = PBXFileReference; fileEncoding = 4; lastKnownFileType = sourcecode.swift; name = HWAssessmentHandlers.swift; path = Homework/HWAssessmentHandlers.swift; sourceTree = SOURCE_ROOT; };
		CFDC935F1C6D9E0700EEF047 /* HWAssignment.swift */ = {isa = PBXFileReference; fileEncoding = 4; lastKnownFileType = sourcecode.swift; name = HWAssignment.swift; path = Homework/HWAssignment.swift; sourceTree = SOURCE_ROOT; };
		CFDC93601C6D9E0700EEF047 /* HWAssignmentHandlers.swift */ = {isa = PBXFileReference; fileEncoding = 4; lastKnownFileType = sourcecode.swift; name = HWAssignmentHandlers.swift; path = Homework/HWAssignmentHandlers.swift; sourceTree = SOURCE_ROOT; };
		CFDC93621C6D9E0700EEF047 /* HWCourse.swift */ = {isa = PBXFileReference; fileEncoding = 4; lastKnownFileType = sourcecode.swift; name = HWCourse.swift; path = Homework/HWCourse.swift; sourceTree = SOURCE_ROOT; };
		CFDC93631C6D9E0700EEF047 /* HWCourseHandlers.swift */ = {isa = PBXFileReference; fileEncoding = 4; lastKnownFileType = sourcecode.swift; name = HWCourseHandlers.swift; path = Homework/HWCourseHandlers.swift; sourceTree = SOURCE_ROOT; };
		CFDC93641C6D9E0700EEF047 /* HWCourseList.swift */ = {isa = PBXFileReference; fileEncoding = 4; lastKnownFileType = sourcecode.swift; name = HWCourseList.swift; path = Homework/HWCourseList.swift; sourceTree = SOURCE_ROOT; };
		CFDC93651C6D9E0700EEF047 /* HWCourseListHandlers.swift */ = {isa = PBXFileReference; fileEncoding = 4; lastKnownFileType = sourcecode.swift; name = HWCourseListHandlers.swift; path = Homework/HWCourseListHandlers.swift; sourceTree = SOURCE_ROOT; };
		CFDC93681C6D9E0700EEF047 /* instructions.txt */ = {isa = PBXFileReference; fileEncoding = 4; lastKnownFileType = text; name = instructions.txt; path = Homework/instructions.txt; sourceTree = SOURCE_ROOT; };
		CFDC93691C6D9E0700EEF047 /* LICENSE.AFFERO.TXT */ = {isa = PBXFileReference; fileEncoding = 4; lastKnownFileType = text; name = LICENSE.AFFERO.TXT; path = Homework/LICENSE.AFFERO.TXT; sourceTree = SOURCE_ROOT; };
		CFDC936A1C6D9E0700EEF047 /* LICENSE.MIT.TXT */ = {isa = PBXFileReference; fileEncoding = 4; lastKnownFileType = text; name = LICENSE.MIT.TXT; path = Homework/LICENSE.MIT.TXT; sourceTree = SOURCE_ROOT; };
		CFDC936B1C6D9E0700EEF047 /* perfectServerFcgi.sh */ = {isa = PBXFileReference; fileEncoding = 4; lastKnownFileType = text.script.sh; name = perfectServerFcgi.sh; path = Homework/perfectServerFcgi.sh; sourceTree = SOURCE_ROOT; };
		CFDC936C1C6D9E0700EEF047 /* PersistenceManagerMySQL.swift */ = {isa = PBXFileReference; fileEncoding = 4; lastKnownFileType = sourcecode.swift; name = PersistenceManagerMySQL.swift; path = Homework/PersistenceManagerMySQL.swift; sourceTree = SOURCE_ROOT; };
		CFDC936E1C6D9E0700EEF047 /* RepositoryMySQL.swift */ = {isa = PBXFileReference; fileEncoding = 4; lastKnownFileType = sourcecode.swift; name = RepositoryMySQL.swift; path = Homework/RepositoryMySQL.swift; sourceTree = SOURCE_ROOT; };
		CFDC93891C6D9EE000EEF047 /* MySQL.framework */ = {isa = PBXFileReference; lastKnownFileType = wrapper.framework; name = MySQL.framework; path = "../../../../Library/Developer/Xcode/DerivedData/HomeworkWS-eszvffzukbsjxxehuwdgniksxkxi/Build/Products/Debug/MySQL.framework"; sourceTree = "<group>"; };
		CFDC938A1C6D9EE000EEF047 /* PerfectLib.framework */ = {isa = PBXFileReference; lastKnownFileType = wrapper.framework; name = PerfectLib.framework; path = "../../../../Library/Developer/Xcode/DerivedData/HomeworkWS-eszvffzukbsjxxehuwdgniksxkxi/Build/Products/Debug/PerfectLib.framework"; sourceTree = "<group>"; };
/* End PBXFileReference section */

/* Begin PBXFrameworksBuildPhase section */
		CFDC93321C6D99CD00EEF047 /* Frameworks */ = {
			isa = PBXFrameworksBuildPhase;
			buildActionMask = 2147483647;
			files = (
				CFDC938B1C6D9EE000EEF047 /* MySQL.framework in Frameworks */,
				CFDC938C1C6D9EE000EEF047 /* PerfectLib.framework in Frameworks */,
			);
			runOnlyForDeploymentPostprocessing = 0;
		};
		CFDC93411C6D99CD00EEF047 /* Frameworks */ = {
			isa = PBXFrameworksBuildPhase;
			buildActionMask = 2147483647;
			files = (
				CFDC93451C6D99CD00EEF047 /* HomeworkBackend.framework in Frameworks */,
			);
			runOnlyForDeploymentPostprocessing = 0;
		};
/* End PBXFrameworksBuildPhase section */

/* Begin PBXGroup section */
		CFDC932C1C6D99CD00EEF047 = {
			isa = PBXGroup;
			children = (
				CFDC93891C6D9EE000EEF047 /* MySQL.framework */,
				CFDC938A1C6D9EE000EEF047 /* PerfectLib.framework */,
				CFDC93381C6D99CD00EEF047 /* HomeworkBackend */,
				CFDC93481C6D99CD00EEF047 /* HomeworkBackendTests */,
				CFDC93371C6D99CD00EEF047 /* Products */,
			);
			sourceTree = "<group>";
		};
		CFDC93371C6D99CD00EEF047 /* Products */ = {
			isa = PBXGroup;
			children = (
				CFDC93361C6D99CD00EEF047 /* HomeworkBackend.framework */,
				CFDC93441C6D99CD00EEF047 /* HomeworkBackendTests.xctest */,
			);
			name = Products;
			sourceTree = "<group>";
		};
		CFDC93381C6D99CD00EEF047 /* HomeworkBackend */ = {
			isa = PBXGroup;
			children = (
				CF63404B1C6EA8CB003EC555 /* HWAssessmentRepositoryMySQL.swift */,
				CF63404C1C6EA8CB003EC555 /* HWAssignmentRepositoryMySQL.swift */,
				CF63404D1C6EA8CB003EC555 /* HWCourseListRepositoryMySQL.swift */,
				CF63404E1C6EA8CB003EC555 /* HWCourseRepositoryMySQL.swift */,
				CFDC93571C6D9E0700EEF047 /* BaseRequestHandler.swift */,
				CFDC93581C6D9E0700EEF047 /* Config.swift */,
				CFDC93591C6D9E0700EEF047 /* docs */,
				CFDC935A1C6D9E0700EEF047 /* Extensions.swift */,
				CFDC935B1C6D9E0700EEF047 /* HomeworkServer.swift */,
				CFDC935C1C6D9E0700EEF047 /* HWAssessment.swift */,
				CFDC935D1C6D9E0700EEF047 /* HWAssessmentHandlers.swift */,
				CFDC935F1C6D9E0700EEF047 /* HWAssignment.swift */,
				CFDC93601C6D9E0700EEF047 /* HWAssignmentHandlers.swift */,
				CFDC93621C6D9E0700EEF047 /* HWCourse.swift */,
				CFDC93631C6D9E0700EEF047 /* HWCourseHandlers.swift */,
				CFDC93641C6D9E0700EEF047 /* HWCourseList.swift */,
				CFDC93651C6D9E0700EEF047 /* HWCourseListHandlers.swift */,
				CFDC93681C6D9E0700EEF047 /* instructions.txt */,
				CFDC93691C6D9E0700EEF047 /* LICENSE.AFFERO.TXT */,
				CFDC936A1C6D9E0700EEF047 /* LICENSE.MIT.TXT */,
				CFDC936B1C6D9E0700EEF047 /* perfectServerFcgi.sh */,
				CFDC936C1C6D9E0700EEF047 /* PersistenceManagerMySQL.swift */,
				CFDC936E1C6D9E0700EEF047 /* RepositoryMySQL.swift */,
				CFDC93391C6D99CD00EEF047 /* HomeworkBackend.h */,
				CFDC933B1C6D99CD00EEF047 /* index.mustache */,
				CFDC933F1C6D99CD00EEF047 /* Info.plist */,
			);
			path = HomeworkBackend;
			sourceTree = "<group>";
		};
		CFDC93481C6D99CD00EEF047 /* HomeworkBackendTests */ = {
			isa = PBXGroup;
			children = (
				CFDC93491C6D99CE00EEF047 /* HomeworkBackendTests.swift */,
				CFDC934B1C6D99CE00EEF047 /* Info.plist */,
			);
			path = HomeworkBackendTests;
			sourceTree = "<group>";
		};
/* End PBXGroup section */

/* Begin PBXHeadersBuildPhase section */
		CFDC93331C6D99CD00EEF047 /* Headers */ = {
			isa = PBXHeadersBuildPhase;
			buildActionMask = 2147483647;
			files = (
				CFDC933A1C6D99CD00EEF047 /* HomeworkBackend.h in Headers */,
			);
			runOnlyForDeploymentPostprocessing = 0;
		};
/* End PBXHeadersBuildPhase section */

/* Begin PBXNativeTarget section */
		CFDC93351C6D99CD00EEF047 /* HomeworkBackend */ = {
			isa = PBXNativeTarget;
			buildConfigurationList = CFDC934E1C6D99CE00EEF047 /* Build configuration list for PBXNativeTarget "HomeworkBackend" */;
			buildPhases = (
				CFDC93311C6D99CD00EEF047 /* Sources */,
				CFDC93321C6D99CD00EEF047 /* Frameworks */,
				CFDC93331C6D99CD00EEF047 /* Headers */,
				CFDC93341C6D99CD00EEF047 /* Resources */,
			);
			buildRules = (
			);
			dependencies = (
			);
			name = HomeworkBackend;
			productName = HomeworkBackend;
			productReference = CFDC93361C6D99CD00EEF047 /* HomeworkBackend.framework */;
			productType = "com.apple.product-type.framework";
		};
		CFDC93431C6D99CD00EEF047 /* HomeworkBackendTests */ = {
			isa = PBXNativeTarget;
			buildConfigurationList = CFDC93511C6D99CE00EEF047 /* Build configuration list for PBXNativeTarget "HomeworkBackendTests" */;
			buildPhases = (
				CFDC93401C6D99CD00EEF047 /* Sources */,
				CFDC93411C6D99CD00EEF047 /* Frameworks */,
				CFDC93421C6D99CD00EEF047 /* Resources */,
			);
			buildRules = (
			);
			dependencies = (
				CFDC93471C6D99CD00EEF047 /* PBXTargetDependency */,
			);
			name = HomeworkBackendTests;
			productName = HomeworkBackendTests;
			productReference = CFDC93441C6D99CD00EEF047 /* HomeworkBackendTests.xctest */;
			productType = "com.apple.product-type.bundle.unit-test";
		};
/* End PBXNativeTarget section */

/* Begin PBXProject section */
		CFDC932D1C6D99CD00EEF047 /* Project object */ = {
			isa = PBXProject;
			attributes = {
				LastSwiftUpdateCheck = 0720;
				LastUpgradeCheck = 0720;
				ORGANIZATIONNAME = NgeosOne;
				TargetAttributes = {
					CFDC93351C6D99CD00EEF047 = {
						CreatedOnToolsVersion = 7.2.1;
					};
					CFDC93431C6D99CD00EEF047 = {
						CreatedOnToolsVersion = 7.2.1;
					};
				};
			};
			buildConfigurationList = CFDC93301C6D99CD00EEF047 /* Build configuration list for PBXProject "HomeworkBackend" */;
			compatibilityVersion = "Xcode 3.2";
			developmentRegion = English;
			hasScannedForEncodings = 0;
			knownRegions = (
				en,
			);
			mainGroup = CFDC932C1C6D99CD00EEF047;
			productRefGroup = CFDC93371C6D99CD00EEF047 /* Products */;
			projectDirPath = "";
			projectRoot = "";
			targets = (
				CFDC93351C6D99CD00EEF047 /* HomeworkBackend */,
				CFDC93431C6D99CD00EEF047 /* HomeworkBackendTests */,
			);
		};
/* End PBXProject section */

/* Begin PBXResourcesBuildPhase section */
		CFDC93341C6D99CD00EEF047 /* Resources */ = {
			isa = PBXResourcesBuildPhase;
			buildActionMask = 2147483647;
			files = (
				CFDC93821C6D9E0700EEF047 /* LICENSE.AFFERO.TXT in Resources */,
				CFDC93721C6D9E0700EEF047 /* docs in Resources */,
				CFDC93551C6D9CF900EEF047 /* Homework in Resources */,
				CFDC93841C6D9E0700EEF047 /* perfectServerFcgi.sh in Resources */,
				CFDC933C1C6D99CD00EEF047 /* index.mustache in Resources */,
				CFDC93831C6D9E0700EEF047 /* LICENSE.MIT.TXT in Resources */,
				CFDC93811C6D9E0700EEF047 /* instructions.txt in Resources */,
			);
			runOnlyForDeploymentPostprocessing = 0;
		};
		CFDC93421C6D99CD00EEF047 /* Resources */ = {
			isa = PBXResourcesBuildPhase;
			buildActionMask = 2147483647;
			files = (
			);
			runOnlyForDeploymentPostprocessing = 0;
		};
/* End PBXResourcesBuildPhase section */

/* Begin PBXSourcesBuildPhase section */
		CFDC93311C6D99CD00EEF047 /* Sources */ = {
			isa = PBXSourcesBuildPhase;
			buildActionMask = 2147483647;
			files = (
				CF6340521C6EA8CB003EC555 /* HWCourseRepositoryMySQL.swift in Sources */,
				CFDC93701C6D9E0700EEF047 /* BaseRequestHandler.swift in Sources */,
				CFDC937C1C6D9E0700EEF047 /* HWCourseHandlers.swift in Sources */,
				CF6340511C6EA8CB003EC555 /* HWCourseListRepositoryMySQL.swift in Sources */,
				CFDC93751C6D9E0700EEF047 /* HWAssessment.swift in Sources */,
				CFDC937E1C6D9E0700EEF047 /* HWCourseListHandlers.swift in Sources */,
				CFDC93731C6D9E0700EEF047 /* Extensions.swift in Sources */,
				CF63404F1C6EA8CB003EC555 /* HWAssessmentRepositoryMySQL.swift in Sources */,
				CFDC93791C6D9E0700EEF047 /* HWAssignmentHandlers.swift in Sources */,
				CFDC93761C6D9E0700EEF047 /* HWAssessmentHandlers.swift in Sources */,
				CF6340501C6EA8CB003EC555 /* HWAssignmentRepositoryMySQL.swift in Sources */,
				CFDC93781C6D9E0700EEF047 /* HWAssignment.swift in Sources */,
				CFDC93741C6D9E0700EEF047 /* HomeworkServer.swift in Sources */,
				CFDC93711C6D9E0700EEF047 /* Config.swift in Sources */,
				CFDC93851C6D9E0700EEF047 /* PersistenceManagerMySQL.swift in Sources */,
				CFDC93871C6D9E0700EEF047 /* RepositoryMySQL.swift in Sources */,
				CFDC937B1C6D9E0700EEF047 /* HWCourse.swift in Sources */,
				CFDC937D1C6D9E0700EEF047 /* HWCourseList.swift in Sources */,
			);
			runOnlyForDeploymentPostprocessing = 0;
		};
		CFDC93401C6D99CD00EEF047 /* Sources */ = {
			isa = PBXSourcesBuildPhase;
			buildActionMask = 2147483647;
			files = (
				CFDC934A1C6D99CE00EEF047 /* HomeworkBackendTests.swift in Sources */,
			);
			runOnlyForDeploymentPostprocessing = 0;
		};
/* End PBXSourcesBuildPhase section */

/* Begin PBXTargetDependency section */
		CFDC93471C6D99CD00EEF047 /* PBXTargetDependency */ = {
			isa = PBXTargetDependency;
			target = CFDC93351C6D99CD00EEF047 /* HomeworkBackend */;
			targetProxy = CFDC93461C6D99CD00EEF047 /* PBXContainerItemProxy */;
		};
/* End PBXTargetDependency section */

/* Begin XCBuildConfiguration section */
		CFDC934C1C6D99CE00EEF047 /* Debug */ = {
			isa = XCBuildConfiguration;
			buildSettings = {
				ALWAYS_SEARCH_USER_PATHS = NO;
				CLANG_CXX_LANGUAGE_STANDARD = "gnu++0x";
				CLANG_CXX_LIBRARY = "libc++";
				CLANG_ENABLE_MODULES = YES;
				CLANG_ENABLE_OBJC_ARC = YES;
				CLANG_WARN_BOOL_CONVERSION = YES;
				CLANG_WARN_CONSTANT_CONVERSION = YES;
				CLANG_WARN_DIRECT_OBJC_ISA_USAGE = YES_ERROR;
				CLANG_WARN_EMPTY_BODY = YES;
				CLANG_WARN_ENUM_CONVERSION = YES;
				CLANG_WARN_INT_CONVERSION = YES;
				CLANG_WARN_OBJC_ROOT_CLASS = YES_ERROR;
				CLANG_WARN_UNREACHABLE_CODE = YES;
				CLANG_WARN__DUPLICATE_METHOD_MATCH = YES;
				CODE_SIGN_IDENTITY = "-";
				COPY_PHASE_STRIP = NO;
				CURRENT_PROJECT_VERSION = 1;
				DEBUG_INFORMATION_FORMAT = dwarf;
				ENABLE_STRICT_OBJC_MSGSEND = YES;
				ENABLE_TESTABILITY = YES;
				GCC_C_LANGUAGE_STANDARD = gnu99;
				GCC_DYNAMIC_NO_PIC = NO;
				GCC_NO_COMMON_BLOCKS = YES;
				GCC_OPTIMIZATION_LEVEL = 0;
				GCC_PREPROCESSOR_DEFINITIONS = (
					"DEBUG=1",
					"$(inherited)",
				);
				GCC_WARN_64_TO_32_BIT_CONVERSION = YES;
				GCC_WARN_ABOUT_RETURN_TYPE = YES_ERROR;
				GCC_WARN_UNDECLARED_SELECTOR = YES;
				GCC_WARN_UNINITIALIZED_AUTOS = YES_AGGRESSIVE;
				GCC_WARN_UNUSED_FUNCTION = YES;
				GCC_WARN_UNUSED_VARIABLE = YES;
				MACOSX_DEPLOYMENT_TARGET = 10.11;
				MTL_ENABLE_DEBUG_INFO = YES;
				ONLY_ACTIVE_ARCH = YES;
				SDKROOT = macosx;
				SWIFT_OPTIMIZATION_LEVEL = "-Onone";
				VERSIONING_SYSTEM = "apple-generic";
				VERSION_INFO_PREFIX = "";
			};
			name = Debug;
		};
		CFDC934D1C6D99CE00EEF047 /* Release */ = {
			isa = XCBuildConfiguration;
			buildSettings = {
				ALWAYS_SEARCH_USER_PATHS = NO;
				CLANG_CXX_LANGUAGE_STANDARD = "gnu++0x";
				CLANG_CXX_LIBRARY = "libc++";
				CLANG_ENABLE_MODULES = YES;
				CLANG_ENABLE_OBJC_ARC = YES;
				CLANG_WARN_BOOL_CONVERSION = YES;
				CLANG_WARN_CONSTANT_CONVERSION = YES;
				CLANG_WARN_DIRECT_OBJC_ISA_USAGE = YES_ERROR;
				CLANG_WARN_EMPTY_BODY = YES;
				CLANG_WARN_ENUM_CONVERSION = YES;
				CLANG_WARN_INT_CONVERSION = YES;
				CLANG_WARN_OBJC_ROOT_CLASS = YES_ERROR;
				CLANG_WARN_UNREACHABLE_CODE = YES;
				CLANG_WARN__DUPLICATE_METHOD_MATCH = YES;
				CODE_SIGN_IDENTITY = "-";
				COPY_PHASE_STRIP = NO;
				CURRENT_PROJECT_VERSION = 1;
				DEBUG_INFORMATION_FORMAT = "dwarf-with-dsym";
				ENABLE_NS_ASSERTIONS = NO;
				ENABLE_STRICT_OBJC_MSGSEND = YES;
				GCC_C_LANGUAGE_STANDARD = gnu99;
				GCC_NO_COMMON_BLOCKS = YES;
				GCC_WARN_64_TO_32_BIT_CONVERSION = YES;
				GCC_WARN_ABOUT_RETURN_TYPE = YES_ERROR;
				GCC_WARN_UNDECLARED_SELECTOR = YES;
				GCC_WARN_UNINITIALIZED_AUTOS = YES_AGGRESSIVE;
				GCC_WARN_UNUSED_FUNCTION = YES;
				GCC_WARN_UNUSED_VARIABLE = YES;
				MACOSX_DEPLOYMENT_TARGET = 10.11;
				MTL_ENABLE_DEBUG_INFO = NO;
				SDKROOT = macosx;
				VERSIONING_SYSTEM = "apple-generic";
				VERSION_INFO_PREFIX = "";
			};
			name = Release;
		};
		CFDC934F1C6D99CE00EEF047 /* Debug */ = {
			isa = XCBuildConfiguration;
			buildSettings = {
				CLANG_ENABLE_MODULES = YES;
				COMBINE_HIDPI_IMAGES = YES;
				DEFINES_MODULE = YES;
				DEPLOYMENT_LOCATION = YES;
				DSTROOT = "$(CONFIGURATION_BUILD_DIR)";
				DYLIB_COMPATIBILITY_VERSION = 1;
				DYLIB_CURRENT_VERSION = 1;
				DYLIB_INSTALL_NAME_BASE = "@rpath";
				FRAMEWORK_VERSION = A;
				INFOPLIST_FILE = HomeworkBackend/Info.plist;
				INSTALL_PATH = /PerfectLibraries;
				LD_RUNPATH_SEARCH_PATHS = "$(inherited) @executable_path/../Frameworks @loader_path/Frameworks";
				PRODUCT_BUNDLE_IDENTIFIER = com.ngeosone.HomeworkBackend;
				PRODUCT_NAME = "$(TARGET_NAME)";
				SKIP_INSTALL = NO;
				SWIFT_OPTIMIZATION_LEVEL = "-Onone";
			};
			name = Debug;
		};
		CFDC93501C6D99CE00EEF047 /* Release */ = {
			isa = XCBuildConfiguration;
			buildSettings = {
				CLANG_ENABLE_MODULES = YES;
				COMBINE_HIDPI_IMAGES = YES;
				DEFINES_MODULE = YES;
				DEPLOYMENT_LOCATION = YES;
				DSTROOT = "$(CONFIGURATION_BUILD_DIR)";
				DYLIB_COMPATIBILITY_VERSION = 1;
				DYLIB_CURRENT_VERSION = 1;
				DYLIB_INSTALL_NAME_BASE = "@rpath";
				FRAMEWORK_VERSION = A;
				INFOPLIST_FILE = HomeworkBackend/Info.plist;
				INSTALL_PATH = /PerfectLibraries;
				LD_RUNPATH_SEARCH_PATHS = "$(inherited) @executable_path/../Frameworks @loader_path/Frameworks";
				PRODUCT_BUNDLE_IDENTIFIER = com.ngeosone.HomeworkBackend;
				PRODUCT_NAME = "$(TARGET_NAME)";
				SKIP_INSTALL = NO;
			};
			name = Release;
		};
		CFDC93521C6D99CE00EEF047 /* Debug */ = {
			isa = XCBuildConfiguration;
			buildSettings = {
				COMBINE_HIDPI_IMAGES = YES;
				INFOPLIST_FILE = HomeworkBackendTests/Info.plist;
				LD_RUNPATH_SEARCH_PATHS = "$(inherited) @executable_path/../Frameworks @loader_path/../Frameworks";
				PRODUCT_BUNDLE_IDENTIFIER = com.ngeosone.HomeworkBackendTests;
				PRODUCT_NAME = "$(TARGET_NAME)";
			};
			name = Debug;
		};
		CFDC93531C6D99CE00EEF047 /* Release */ = {
			isa = XCBuildConfiguration;
			buildSettings = {
				COMBINE_HIDPI_IMAGES = YES;
				INFOPLIST_FILE = HomeworkBackendTests/Info.plist;
				LD_RUNPATH_SEARCH_PATHS = "$(inherited) @executable_path/../Frameworks @loader_path/../Frameworks";
				PRODUCT_BUNDLE_IDENTIFIER = com.ngeosone.HomeworkBackendTests;
				PRODUCT_NAME = "$(TARGET_NAME)";
			};
			name = Release;
		};
/* End XCBuildConfiguration section */

/* Begin XCConfigurationList section */
		CFDC93301C6D99CD00EEF047 /* Build configuration list for PBXProject "HomeworkBackend" */ = {
			isa = XCConfigurationList;
			buildConfigurations = (
				CFDC934C1C6D99CE00EEF047 /* Debug */,
				CFDC934D1C6D99CE00EEF047 /* Release */,
			);
			defaultConfigurationIsVisible = 0;
			defaultConfigurationName = Release;
		};
		CFDC934E1C6D99CE00EEF047 /* Build configuration list for PBXNativeTarget "HomeworkBackend" */ = {
			isa = XCConfigurationList;
			buildConfigurations = (
				CFDC934F1C6D99CE00EEF047 /* Debug */,
				CFDC93501C6D99CE00EEF047 /* Release */,
			);
			defaultConfigurationIsVisible = 0;
			defaultConfigurationName = Release;
		};
		CFDC93511C6D99CE00EEF047 /* Build configuration list for PBXNativeTarget "HomeworkBackendTests" */ = {
			isa = XCConfigurationList;
			buildConfigurations = (
				CFDC93521C6D99CE00EEF047 /* Debug */,
				CFDC93531C6D99CE00EEF047 /* Release */,
			);
			defaultConfigurationIsVisible = 0;
			defaultConfigurationName = Release;
		};
/* End XCConfigurationList section */
	};
	rootObject = CFDC932D1C6D99CD00EEF047 /* Project object */;
}
